// !$*UTF8*$!
{
	archiveVersion = 1;
	classes = {
	};
	objectVersion = 56;
	objects = {

/* Begin PBXBuildFile section */
		14F9B2642A2B949B009C2611 /* LineView.swift in Sources */ = {isa = PBXBuildFile; fileRef = 14F9B2632A2B949B009C2611 /* LineView.swift */; };
		14F9B2662A2B94DD009C2611 /* TitleView.swift in Sources */ = {isa = PBXBuildFile; fileRef = 14F9B2652A2B94DC009C2611 /* TitleView.swift */; };
		14F9B2682A2B9514009C2611 /* ProductCell.swift in Sources */ = {isa = PBXBuildFile; fileRef = 14F9B2672A2B9514009C2611 /* ProductCell.swift */; };
		14F9B26A2A2B9651009C2611 /* ProductCatalog.swift in Sources */ = {isa = PBXBuildFile; fileRef = 14F9B2692A2B9651009C2611 /* ProductCatalog.swift */; };
		14F9B26C2A2B9699009C2611 /* CategoryItemView.swift in Sources */ = {isa = PBXBuildFile; fileRef = 14F9B26B2A2B9698009C2611 /* CategoryItemView.swift */; };
		14F9B26E2A2B96D7009C2611 /* CategoryGridView.swift in Sources */ = {isa = PBXBuildFile; fileRef = 14F9B26D2A2B96D7009C2611 /* CategoryGridView.swift */; };
		14F9B2702A2B9733009C2611 /* RatingBlock.swift in Sources */ = {isa = PBXBuildFile; fileRef = 14F9B26F2A2B9733009C2611 /* RatingBlock.swift */; };
		14F9B2722A2B9760009C2611 /* SectionView.swift in Sources */ = {isa = PBXBuildFile; fileRef = 14F9B2712A2B9760009C2611 /* SectionView.swift */; };
		14F9B2742A2B9783009C2611 /* LogoView.swift in Sources */ = {isa = PBXBuildFile; fileRef = 14F9B2732A2B9783009C2611 /* LogoView.swift */; };
		14F9B2762A2B97A1009C2611 /* NavigationBarView.swift in Sources */ = {isa = PBXBuildFile; fileRef = 14F9B2752A2B97A1009C2611 /* NavigationBarView.swift */; };
		14F9B2782A2B97BF009C2611 /* CustomCurveShape.swift in Sources */ = {isa = PBXBuildFile; fileRef = 14F9B2772A2B97BF009C2611 /* CustomCurveShape.swift */; };
		14F9B27A2A2B97DF009C2611 /* MotionAnimationView.swift in Sources */ = {isa = PBXBuildFile; fileRef = 14F9B2792A2B97DF009C2611 /* MotionAnimationView.swift */; };
		14F9B27C2A2B980B009C2611 /* CoverImageView.swift in Sources */ = {isa = PBXBuildFile; fileRef = 14F9B27B2A2B980B009C2611 /* CoverImageView.swift */; };
		171B14D42A2891B900851C67 /* Lottie in Frameworks */ = {isa = PBXBuildFile; productRef = 171B14D32A2891B900851C67 /* Lottie */; };
		171B14D92A28996C00851C67 /* NetworkReachability.swift in Sources */ = {isa = PBXBuildFile; fileRef = 171B14D82A28996C00851C67 /* NetworkReachability.swift */; };
		171B14DC2A28A23E00851C67 /* Kingfisher in Frameworks */ = {isa = PBXBuildFile; productRef = 171B14DB2A28A23E00851C67 /* Kingfisher */; };
		171B14DF2A28A34200851C67 /* Alamofire in Frameworks */ = {isa = PBXBuildFile; productRef = 171B14DE2A28A34200851C67 /* Alamofire */; };
		171B15172A28FC7F00851C67 /* NetworkService.swift in Sources */ = {isa = PBXBuildFile; fileRef = 171B15162A28FC7F00851C67 /* NetworkService.swift */; };
		171B15192A28FC9200851C67 /* Models.swift in Sources */ = {isa = PBXBuildFile; fileRef = 171B15182A28FC9200851C67 /* Models.swift */; };
		171B151E2A28FCCF00851C67 /* HomeViewModel.swift in Sources */ = {isa = PBXBuildFile; fileRef = 171B151D2A28FCCF00851C67 /* HomeViewModel.swift */; };
		17C9CF242A27E12F004BCCC2 /* EasyBuyApp.swift in Sources */ = {isa = PBXBuildFile; fileRef = 17C9CF232A27E12F004BCCC2 /* EasyBuyApp.swift */; };
		17C9CF262A27E12F004BCCC2 /* ContentView.swift in Sources */ = {isa = PBXBuildFile; fileRef = 17C9CF252A27E12F004BCCC2 /* ContentView.swift */; };
		17C9CF282A27E132004BCCC2 /* Assets.xcassets in Resources */ = {isa = PBXBuildFile; fileRef = 17C9CF272A27E132004BCCC2 /* Assets.xcassets */; };
		17C9CF2B2A27E132004BCCC2 /* Preview Assets.xcassets in Resources */ = {isa = PBXBuildFile; fileRef = 17C9CF2A2A27E132004BCCC2 /* Preview Assets.xcassets */; };
		17C9CF2D2A27E132004BCCC2 /* Persistence.swift in Sources */ = {isa = PBXBuildFile; fileRef = 17C9CF2C2A27E132004BCCC2 /* Persistence.swift */; };
		17C9CF302A27E132004BCCC2 /* EasyBuy.xcdatamodeld in Sources */ = {isa = PBXBuildFile; fileRef = 17C9CF2E2A27E132004BCCC2 /* EasyBuy.xcdatamodeld */; };
		17C9CF3A2A27E133004BCCC2 /* EasyBuyTests.swift in Sources */ = {isa = PBXBuildFile; fileRef = 17C9CF392A27E133004BCCC2 /* EasyBuyTests.swift */; };
		17C9CF442A27E133004BCCC2 /* EasyBuyUITests.swift in Sources */ = {isa = PBXBuildFile; fileRef = 17C9CF432A27E133004BCCC2 /* EasyBuyUITests.swift */; };
		17C9CF462A27E133004BCCC2 /* EasyBuyUITestsLaunchTests.swift in Sources */ = {isa = PBXBuildFile; fileRef = 17C9CF452A27E133004BCCC2 /* EasyBuyUITestsLaunchTests.swift */; };
		17C9CF7F2A27E1D3004BCCC2 /* Constants.swift in Sources */ = {isa = PBXBuildFile; fileRef = 17C9CF7E2A27E1D3004BCCC2 /* Constants.swift */; };
		3F02F2A62A29E83E00FDE52E /* NetworkManager.swift in Sources */ = {isa = PBXBuildFile; fileRef = 3F02F2A52A29E83E00FDE52E /* NetworkManager.swift */; };
		3F02F2A82A29EA1A00FDE52E /* NetworkInterceptorProvider.swift in Sources */ = {isa = PBXBuildFile; fileRef = 3F02F2A72A29EA1A00FDE52E /* NetworkInterceptorProvider.swift */; };
		3F02F2AB2A29EBCE00FDE52E /* querys.graphql in Sources */ = {isa = PBXBuildFile; fileRef = 3F02F2AA2A29EBCE00FDE52E /* querys.graphql */; };
		3F02F2AD2A29EC1400FDE52E /* mutations.graphql in Sources */ = {isa = PBXBuildFile; fileRef = 3F02F2AC2A29EC1400FDE52E /* mutations.graphql */; };
		3F02F2B12A29EFEA00FDE52E /* API.swift in Sources */ = {isa = PBXBuildFile; fileRef = 3F02F2B02A29EFE900FDE52E /* API.swift */; };
		3F02F2B42A29F44700FDE52E /* loading.json in Resources */ = {isa = PBXBuildFile; fileRef = 3F02F2B32A29F44700FDE52E /* loading.json */; };
		46A13FDEE83F4DDB4720C12B /* Pods_EasyBuy_EasyBuyUITests.framework in Frameworks */ = {isa = PBXBuildFile; fileRef = D3507BF2A68414E5293DF9AD /* Pods_EasyBuy_EasyBuyUITests.framework */; };
		571213AB5A290D8C60576AA3 /* Pods_EasyBuy.framework in Frameworks */ = {isa = PBXBuildFile; fileRef = C03094883316ABB45E3A79E7 /* Pods_EasyBuy.framework */; };
		A8360D013A4F802E529FC832 /* Pods_EasyBuyTests.framework in Frameworks */ = {isa = PBXBuildFile; fileRef = 3DFEA8E6555F657DAB22A79E /* Pods_EasyBuyTests.framework */; };
		EB90A6182A2B383B00295296 /* CreateCustomer.swift in Sources */ = {isa = PBXBuildFile; fileRef = EB90A6172A2B383B00295296 /* CreateCustomer.swift */; };
		EB90A61A2A2B384F00295296 /* CreateCustomerResponse.swift in Sources */ = {isa = PBXBuildFile; fileRef = EB90A6192A2B384F00295296 /* CreateCustomerResponse.swift */; };
		EBC8D0E42A2AA930006DACFD /* ProductDetails.swift in Sources */ = {isa = PBXBuildFile; fileRef = EBC8D0E32A2AA930006DACFD /* ProductDetails.swift */; };
		EBC8D0EA2A2AAE0C006DACFD /* ProductDetailsViewModel.swift in Sources */ = {isa = PBXBuildFile; fileRef = EBC8D0E92A2AAE0C006DACFD /* ProductDetailsViewModel.swift */; };
		EBC8D0EC2A2AAF1A006DACFD /* ProductDetailsView.swift in Sources */ = {isa = PBXBuildFile; fileRef = EBC8D0EB2A2AAF1A006DACFD /* ProductDetailsView.swift */; };
		EBC8D0EE2A2AB68A006DACFD /* SwiftUIView.swift in Sources */ = {isa = PBXBuildFile; fileRef = EBC8D0ED2A2AB68A006DACFD /* SwiftUIView.swift */; };
/* End PBXBuildFile section */

/* Begin PBXContainerItemProxy section */
		17C9CF362A27E133004BCCC2 /* PBXContainerItemProxy */ = {
			isa = PBXContainerItemProxy;
			containerPortal = 17C9CF182A27E12F004BCCC2 /* Project object */;
			proxyType = 1;
			remoteGlobalIDString = 17C9CF1F2A27E12F004BCCC2;
			remoteInfo = EasyBuy;
		};
		17C9CF402A27E133004BCCC2 /* PBXContainerItemProxy */ = {
			isa = PBXContainerItemProxy;
			containerPortal = 17C9CF182A27E12F004BCCC2 /* Project object */;
			proxyType = 1;
			remoteGlobalIDString = 17C9CF1F2A27E12F004BCCC2;
			remoteInfo = EasyBuy;
		};
/* End PBXContainerItemProxy section */

/* Begin PBXFileReference section */
		097FF13FBA537AE765A4B491 /* Pods-EasyBuy.release.xcconfig */ = {isa = PBXFileReference; includeInIndex = 1; lastKnownFileType = text.xcconfig; name = "Pods-EasyBuy.release.xcconfig"; path = "Target Support Files/Pods-EasyBuy/Pods-EasyBuy.release.xcconfig"; sourceTree = "<group>"; };
		14F9B2632A2B949B009C2611 /* LineView.swift */ = {isa = PBXFileReference; fileEncoding = 4; lastKnownFileType = sourcecode.swift; path = LineView.swift; sourceTree = "<group>"; };
		14F9B2652A2B94DC009C2611 /* TitleView.swift */ = {isa = PBXFileReference; fileEncoding = 4; lastKnownFileType = sourcecode.swift; path = TitleView.swift; sourceTree = "<group>"; };
		14F9B2672A2B9514009C2611 /* ProductCell.swift */ = {isa = PBXFileReference; fileEncoding = 4; lastKnownFileType = sourcecode.swift; path = ProductCell.swift; sourceTree = "<group>"; };
		14F9B2692A2B9651009C2611 /* ProductCatalog.swift */ = {isa = PBXFileReference; fileEncoding = 4; lastKnownFileType = sourcecode.swift; path = ProductCatalog.swift; sourceTree = "<group>"; };
		14F9B26B2A2B9698009C2611 /* CategoryItemView.swift */ = {isa = PBXFileReference; fileEncoding = 4; lastKnownFileType = sourcecode.swift; path = CategoryItemView.swift; sourceTree = "<group>"; };
		14F9B26D2A2B96D7009C2611 /* CategoryGridView.swift */ = {isa = PBXFileReference; fileEncoding = 4; lastKnownFileType = sourcecode.swift; path = CategoryGridView.swift; sourceTree = "<group>"; };
		14F9B26F2A2B9733009C2611 /* RatingBlock.swift */ = {isa = PBXFileReference; fileEncoding = 4; lastKnownFileType = sourcecode.swift; path = RatingBlock.swift; sourceTree = "<group>"; };
		14F9B2712A2B9760009C2611 /* SectionView.swift */ = {isa = PBXFileReference; fileEncoding = 4; lastKnownFileType = sourcecode.swift; path = SectionView.swift; sourceTree = "<group>"; };
		14F9B2732A2B9783009C2611 /* LogoView.swift */ = {isa = PBXFileReference; fileEncoding = 4; lastKnownFileType = sourcecode.swift; path = LogoView.swift; sourceTree = "<group>"; };
		14F9B2752A2B97A1009C2611 /* NavigationBarView.swift */ = {isa = PBXFileReference; fileEncoding = 4; lastKnownFileType = sourcecode.swift; path = NavigationBarView.swift; sourceTree = "<group>"; };
		14F9B2772A2B97BF009C2611 /* CustomCurveShape.swift */ = {isa = PBXFileReference; fileEncoding = 4; lastKnownFileType = sourcecode.swift; path = CustomCurveShape.swift; sourceTree = "<group>"; };
		14F9B2792A2B97DF009C2611 /* MotionAnimationView.swift */ = {isa = PBXFileReference; fileEncoding = 4; lastKnownFileType = sourcecode.swift; path = MotionAnimationView.swift; sourceTree = "<group>"; };
		14F9B27B2A2B980B009C2611 /* CoverImageView.swift */ = {isa = PBXFileReference; fileEncoding = 4; lastKnownFileType = sourcecode.swift; path = CoverImageView.swift; sourceTree = "<group>"; };
		171B14D82A28996C00851C67 /* NetworkReachability.swift */ = {isa = PBXFileReference; lastKnownFileType = sourcecode.swift; path = NetworkReachability.swift; sourceTree = "<group>"; };
		171B15162A28FC7F00851C67 /* NetworkService.swift */ = {isa = PBXFileReference; lastKnownFileType = sourcecode.swift; path = NetworkService.swift; sourceTree = "<group>"; };
		171B15182A28FC9200851C67 /* Models.swift */ = {isa = PBXFileReference; lastKnownFileType = sourcecode.swift; path = Models.swift; sourceTree = "<group>"; };
		171B151D2A28FCCF00851C67 /* HomeViewModel.swift */ = {isa = PBXFileReference; lastKnownFileType = sourcecode.swift; path = HomeViewModel.swift; sourceTree = "<group>"; };
		17C9CF202A27E12F004BCCC2 /* EasyBuy.app */ = {isa = PBXFileReference; explicitFileType = wrapper.application; includeInIndex = 0; path = EasyBuy.app; sourceTree = BUILT_PRODUCTS_DIR; };
		17C9CF232A27E12F004BCCC2 /* EasyBuyApp.swift */ = {isa = PBXFileReference; lastKnownFileType = sourcecode.swift; path = EasyBuyApp.swift; sourceTree = "<group>"; };
		17C9CF252A27E12F004BCCC2 /* ContentView.swift */ = {isa = PBXFileReference; lastKnownFileType = sourcecode.swift; path = ContentView.swift; sourceTree = "<group>"; };
		17C9CF272A27E132004BCCC2 /* Assets.xcassets */ = {isa = PBXFileReference; lastKnownFileType = folder.assetcatalog; path = Assets.xcassets; sourceTree = "<group>"; };
		17C9CF2A2A27E132004BCCC2 /* Preview Assets.xcassets */ = {isa = PBXFileReference; lastKnownFileType = folder.assetcatalog; path = "Preview Assets.xcassets"; sourceTree = "<group>"; };
		17C9CF2C2A27E132004BCCC2 /* Persistence.swift */ = {isa = PBXFileReference; lastKnownFileType = sourcecode.swift; path = Persistence.swift; sourceTree = "<group>"; };
		17C9CF2F2A27E132004BCCC2 /* EasyBuy.xcdatamodel */ = {isa = PBXFileReference; lastKnownFileType = wrapper.xcdatamodel; path = EasyBuy.xcdatamodel; sourceTree = "<group>"; };
		17C9CF352A27E133004BCCC2 /* EasyBuyTests.xctest */ = {isa = PBXFileReference; explicitFileType = wrapper.cfbundle; includeInIndex = 0; path = EasyBuyTests.xctest; sourceTree = BUILT_PRODUCTS_DIR; };
		17C9CF392A27E133004BCCC2 /* EasyBuyTests.swift */ = {isa = PBXFileReference; lastKnownFileType = sourcecode.swift; path = EasyBuyTests.swift; sourceTree = "<group>"; };
		17C9CF3F2A27E133004BCCC2 /* EasyBuyUITests.xctest */ = {isa = PBXFileReference; explicitFileType = wrapper.cfbundle; includeInIndex = 0; path = EasyBuyUITests.xctest; sourceTree = BUILT_PRODUCTS_DIR; };
		17C9CF432A27E133004BCCC2 /* EasyBuyUITests.swift */ = {isa = PBXFileReference; lastKnownFileType = sourcecode.swift; path = EasyBuyUITests.swift; sourceTree = "<group>"; };
		17C9CF452A27E133004BCCC2 /* EasyBuyUITestsLaunchTests.swift */ = {isa = PBXFileReference; lastKnownFileType = sourcecode.swift; path = EasyBuyUITestsLaunchTests.swift; sourceTree = "<group>"; };
		17C9CF7E2A27E1D3004BCCC2 /* Constants.swift */ = {isa = PBXFileReference; lastKnownFileType = sourcecode.swift; path = Constants.swift; sourceTree = "<group>"; };
		1BB6EB9E9012D54B0A8065EA /* Pods-EasyBuy-EasyBuyUITests.debug.xcconfig */ = {isa = PBXFileReference; includeInIndex = 1; lastKnownFileType = text.xcconfig; name = "Pods-EasyBuy-EasyBuyUITests.debug.xcconfig"; path = "Target Support Files/Pods-EasyBuy-EasyBuyUITests/Pods-EasyBuy-EasyBuyUITests.debug.xcconfig"; sourceTree = "<group>"; };
		3DFEA8E6555F657DAB22A79E /* Pods_EasyBuyTests.framework */ = {isa = PBXFileReference; explicitFileType = wrapper.framework; includeInIndex = 0; path = Pods_EasyBuyTests.framework; sourceTree = BUILT_PRODUCTS_DIR; };
		3F02F2A52A29E83E00FDE52E /* NetworkManager.swift */ = {isa = PBXFileReference; lastKnownFileType = sourcecode.swift; path = NetworkManager.swift; sourceTree = "<group>"; };
		3F02F2A72A29EA1A00FDE52E /* NetworkInterceptorProvider.swift */ = {isa = PBXFileReference; lastKnownFileType = sourcecode.swift; path = NetworkInterceptorProvider.swift; sourceTree = "<group>"; };
		3F02F2AA2A29EBCE00FDE52E /* querys.graphql */ = {isa = PBXFileReference; lastKnownFileType = text; path = querys.graphql; sourceTree = "<group>"; };
		3F02F2AC2A29EC1400FDE52E /* mutations.graphql */ = {isa = PBXFileReference; lastKnownFileType = text; path = mutations.graphql; sourceTree = "<group>"; };
		3F02F2AE2A29EC4C00FDE52E /* schema.json */ = {isa = PBXFileReference; lastKnownFileType = text.json; path = schema.json; sourceTree = "<group>"; };
		3F02F2B02A29EFE900FDE52E /* API.swift */ = {isa = PBXFileReference; fileEncoding = 4; lastKnownFileType = sourcecode.swift; path = API.swift; sourceTree = "<group>"; };
		3F02F2B32A29F44700FDE52E /* loading.json */ = {isa = PBXFileReference; fileEncoding = 4; lastKnownFileType = text.json; path = loading.json; sourceTree = "<group>"; };
		57381625E4BE77ECA2BF6311 /* Pods-EasyBuyTests.release.xcconfig */ = {isa = PBXFileReference; includeInIndex = 1; lastKnownFileType = text.xcconfig; name = "Pods-EasyBuyTests.release.xcconfig"; path = "Target Support Files/Pods-EasyBuyTests/Pods-EasyBuyTests.release.xcconfig"; sourceTree = "<group>"; };
		83BDA726C11A8D3B396FD0AB /* Pods-EasyBuyTests.debug.xcconfig */ = {isa = PBXFileReference; includeInIndex = 1; lastKnownFileType = text.xcconfig; name = "Pods-EasyBuyTests.debug.xcconfig"; path = "Target Support Files/Pods-EasyBuyTests/Pods-EasyBuyTests.debug.xcconfig"; sourceTree = "<group>"; };
		9FDB15B709C744CC1801AEF5 /* Pods-EasyBuy.debug.xcconfig */ = {isa = PBXFileReference; includeInIndex = 1; lastKnownFileType = text.xcconfig; name = "Pods-EasyBuy.debug.xcconfig"; path = "Target Support Files/Pods-EasyBuy/Pods-EasyBuy.debug.xcconfig"; sourceTree = "<group>"; };
		C03094883316ABB45E3A79E7 /* Pods_EasyBuy.framework */ = {isa = PBXFileReference; explicitFileType = wrapper.framework; includeInIndex = 0; path = Pods_EasyBuy.framework; sourceTree = BUILT_PRODUCTS_DIR; };
		D3507BF2A68414E5293DF9AD /* Pods_EasyBuy_EasyBuyUITests.framework */ = {isa = PBXFileReference; explicitFileType = wrapper.framework; includeInIndex = 0; path = Pods_EasyBuy_EasyBuyUITests.framework; sourceTree = BUILT_PRODUCTS_DIR; };
		EB90A6172A2B383B00295296 /* CreateCustomer.swift */ = {isa = PBXFileReference; lastKnownFileType = sourcecode.swift; path = CreateCustomer.swift; sourceTree = "<group>"; };
		EB90A6192A2B384F00295296 /* CreateCustomerResponse.swift */ = {isa = PBXFileReference; lastKnownFileType = sourcecode.swift; path = CreateCustomerResponse.swift; sourceTree = "<group>"; };
		EBC8D0E32A2AA930006DACFD /* ProductDetails.swift */ = {isa = PBXFileReference; lastKnownFileType = sourcecode.swift; path = ProductDetails.swift; sourceTree = "<group>"; };
		EBC8D0E92A2AAE0C006DACFD /* ProductDetailsViewModel.swift */ = {isa = PBXFileReference; lastKnownFileType = sourcecode.swift; path = ProductDetailsViewModel.swift; sourceTree = "<group>"; };
		EBC8D0EB2A2AAF1A006DACFD /* ProductDetailsView.swift */ = {isa = PBXFileReference; lastKnownFileType = sourcecode.swift; path = ProductDetailsView.swift; sourceTree = "<group>"; };
		EBC8D0ED2A2AB68A006DACFD /* SwiftUIView.swift */ = {isa = PBXFileReference; lastKnownFileType = sourcecode.swift; path = SwiftUIView.swift; sourceTree = "<group>"; };
		FB74FE586EB4F9F505BC47A9 /* Pods-EasyBuy-EasyBuyUITests.release.xcconfig */ = {isa = PBXFileReference; includeInIndex = 1; lastKnownFileType = text.xcconfig; name = "Pods-EasyBuy-EasyBuyUITests.release.xcconfig"; path = "Target Support Files/Pods-EasyBuy-EasyBuyUITests/Pods-EasyBuy-EasyBuyUITests.release.xcconfig"; sourceTree = "<group>"; };
/* End PBXFileReference section */

/* Begin PBXFrameworksBuildPhase section */
		17C9CF1D2A27E12F004BCCC2 /* Frameworks */ = {
			isa = PBXFrameworksBuildPhase;
			buildActionMask = 2147483647;
			files = (
				171B14DF2A28A34200851C67 /* Alamofire in Frameworks */,
				171B14DC2A28A23E00851C67 /* Kingfisher in Frameworks */,
				571213AB5A290D8C60576AA3 /* Pods_EasyBuy.framework in Frameworks */,
				171B14D42A2891B900851C67 /* Lottie in Frameworks */,
			);
			runOnlyForDeploymentPostprocessing = 0;
		};
		17C9CF322A27E133004BCCC2 /* Frameworks */ = {
			isa = PBXFrameworksBuildPhase;
			buildActionMask = 2147483647;
			files = (
				A8360D013A4F802E529FC832 /* Pods_EasyBuyTests.framework in Frameworks */,
			);
			runOnlyForDeploymentPostprocessing = 0;
		};
		17C9CF3C2A27E133004BCCC2 /* Frameworks */ = {
			isa = PBXFrameworksBuildPhase;
			buildActionMask = 2147483647;
			files = (
				46A13FDEE83F4DDB4720C12B /* Pods_EasyBuy_EasyBuyUITests.framework in Frameworks */,
			);
			runOnlyForDeploymentPostprocessing = 0;
		};
/* End PBXFrameworksBuildPhase section */

/* Begin PBXGroup section */
		14F9B2602A2B943F009C2611 /* Views */ = {
			isa = PBXGroup;
			children = (
				14F9B27B2A2B980B009C2611 /* CoverImageView.swift */,
				14F9B2792A2B97DF009C2611 /* MotionAnimationView.swift */,
				14F9B2772A2B97BF009C2611 /* CustomCurveShape.swift */,
				14F9B2752A2B97A1009C2611 /* NavigationBarView.swift */,
				14F9B2732A2B9783009C2611 /* LogoView.swift */,
				14F9B2712A2B9760009C2611 /* SectionView.swift */,
				14F9B26F2A2B9733009C2611 /* RatingBlock.swift */,
				14F9B26D2A2B96D7009C2611 /* CategoryGridView.swift */,
				14F9B26B2A2B9698009C2611 /* CategoryItemView.swift */,
				14F9B2692A2B9651009C2611 /* ProductCatalog.swift */,
				14F9B2672A2B9514009C2611 /* ProductCell.swift */,
				14F9B2652A2B94DC009C2611 /* TitleView.swift */,
				14F9B2632A2B949B009C2611 /* LineView.swift */,
			);
			path = Views;
			sourceTree = "<group>";
		};
		171B15142A28FC5900851C67 /* Remote */ = {
			isa = PBXGroup;
			children = (
				171B15162A28FC7F00851C67 /* NetworkService.swift */,
			);
			path = Remote;
			sourceTree = "<group>";
		};
		171B15152A28FC6600851C67 /* Models */ = {
			isa = PBXGroup;
			children = (
				171B15182A28FC9200851C67 /* Models.swift */,
			);
			path = Models;
			sourceTree = "<group>";
		};
		171B151A2A28FC9900851C67 /* Presentation */ = {
			isa = PBXGroup;
			children = (
				EB90A6162A2B382100295296 /* Auth */,
				EBC8D0E52A2AAC22006DACFD /* ProductDetails */,
				171B151B2A28FCB900851C67 /* Home */,
			);
			path = Presentation;
			sourceTree = "<group>";
		};
		171B151B2A28FCB900851C67 /* Home */ = {
			isa = PBXGroup;
			children = (
				14F9B2602A2B943F009C2611 /* Views */,
				171B151C2A28FCC100851C67 /* ViewModels */,
			);
			path = Home;
			sourceTree = "<group>";
		};
		171B151C2A28FCC100851C67 /* ViewModels */ = {
			isa = PBXGroup;
			children = (
				171B151D2A28FCCF00851C67 /* HomeViewModel.swift */,
			);
			path = ViewModels;
			sourceTree = "<group>";
		};
		17C9CF172A27E12F004BCCC2 = {
			isa = PBXGroup;
			children = (
				17C9CF222A27E12F004BCCC2 /* EasyBuy */,
				17C9CF382A27E133004BCCC2 /* EasyBuyTests */,
				17C9CF422A27E133004BCCC2 /* EasyBuyUITests */,
				17C9CF212A27E12F004BCCC2 /* Products */,
				27E8F915B031A4E8F1ADAD4F /* Pods */,
				F259314D8E7785EE5BB0F563 /* Frameworks */,
			);
			sourceTree = "<group>";
		};
		17C9CF212A27E12F004BCCC2 /* Products */ = {
			isa = PBXGroup;
			children = (
				17C9CF202A27E12F004BCCC2 /* EasyBuy.app */,
				17C9CF352A27E133004BCCC2 /* EasyBuyTests.xctest */,
				17C9CF3F2A27E133004BCCC2 /* EasyBuyUITests.xctest */,
			);
			name = Products;
			sourceTree = "<group>";
		};
		17C9CF222A27E12F004BCCC2 /* EasyBuy */ = {
			isa = PBXGroup;
			children = (
				17C9CF232A27E12F004BCCC2 /* EasyBuyApp.swift */,
				17C9CF252A27E12F004BCCC2 /* ContentView.swift */,
				17C9CF7A2A27E186004BCCC2 /* App */,
				17C9CF802A27E28C004BCCC2 /* Data */,
				171B151A2A28FC9900851C67 /* Presentation */,
			);
			path = EasyBuy;
			sourceTree = "<group>";
		};
		17C9CF292A27E132004BCCC2 /* Preview Content */ = {
			isa = PBXGroup;
			children = (
				17C9CF2A2A27E132004BCCC2 /* Preview Assets.xcassets */,
			);
			path = "Preview Content";
			sourceTree = "<group>";
		};
		17C9CF382A27E133004BCCC2 /* EasyBuyTests */ = {
			isa = PBXGroup;
			children = (
				17C9CF392A27E133004BCCC2 /* EasyBuyTests.swift */,
			);
			path = EasyBuyTests;
			sourceTree = "<group>";
		};
		17C9CF422A27E133004BCCC2 /* EasyBuyUITests */ = {
			isa = PBXGroup;
			children = (
				17C9CF432A27E133004BCCC2 /* EasyBuyUITests.swift */,
				17C9CF452A27E133004BCCC2 /* EasyBuyUITestsLaunchTests.swift */,
			);
			path = EasyBuyUITests;
			sourceTree = "<group>";
		};
		17C9CF7A2A27E186004BCCC2 /* App */ = {
			isa = PBXGroup;
			children = (
				17C9CF7D2A27E1C3004BCCC2 /* Assets */,
				17C9CF7C2A27E1BA004BCCC2 /* Utils */,
			);
			path = App;
			sourceTree = "<group>";
		};
		17C9CF7C2A27E1BA004BCCC2 /* Utils */ = {
			isa = PBXGroup;
			children = (
				17C9CF7E2A27E1D3004BCCC2 /* Constants.swift */,
				171B14D82A28996C00851C67 /* NetworkReachability.swift */,
			);
			path = Utils;
			sourceTree = "<group>";
		};
		17C9CF7D2A27E1C3004BCCC2 /* Assets */ = {
			isa = PBXGroup;
			children = (
				17C9CF272A27E132004BCCC2 /* Assets.xcassets */,
				3F02F2B22A29F35A00FDE52E /* LottieFiles */,
				17C9CF292A27E132004BCCC2 /* Preview Content */,
			);
			path = Assets;
			sourceTree = "<group>";
		};
		17C9CF802A27E28C004BCCC2 /* Data */ = {
			isa = PBXGroup;
			children = (
				3F02F2A42A29E7E800FDE52E /* Network */,
				17C9CF832A27E2AD004BCCC2 /* Local */,
				171B15142A28FC5900851C67 /* Remote */,
				171B15152A28FC6600851C67 /* Models */,
			);
			path = Data;
			sourceTree = "<group>";
		};
		17C9CF832A27E2AD004BCCC2 /* Local */ = {
			isa = PBXGroup;
			children = (
				17C9CF2C2A27E132004BCCC2 /* Persistence.swift */,
				17C9CF2E2A27E132004BCCC2 /* EasyBuy.xcdatamodeld */,
			);
			path = Local;
			sourceTree = "<group>";
		};
		27E8F915B031A4E8F1ADAD4F /* Pods */ = {
			isa = PBXGroup;
			children = (
				9FDB15B709C744CC1801AEF5 /* Pods-EasyBuy.debug.xcconfig */,
				097FF13FBA537AE765A4B491 /* Pods-EasyBuy.release.xcconfig */,
				1BB6EB9E9012D54B0A8065EA /* Pods-EasyBuy-EasyBuyUITests.debug.xcconfig */,
				FB74FE586EB4F9F505BC47A9 /* Pods-EasyBuy-EasyBuyUITests.release.xcconfig */,
				83BDA726C11A8D3B396FD0AB /* Pods-EasyBuyTests.debug.xcconfig */,
				57381625E4BE77ECA2BF6311 /* Pods-EasyBuyTests.release.xcconfig */,
			);
			path = Pods;
			sourceTree = "<group>";
		};
		3F02F2A42A29E7E800FDE52E /* Network */ = {
			isa = PBXGroup;
			children = (
				EB95F9DA2A2B5EF8007C7177 /* GraphQl */,
				3F02F2A52A29E83E00FDE52E /* NetworkManager.swift */,
				3F02F2A72A29EA1A00FDE52E /* NetworkInterceptorProvider.swift */,
			);
			path = Network;
			sourceTree = "<group>";
		};
		3F02F2B22A29F35A00FDE52E /* LottieFiles */ = {
			isa = PBXGroup;
			children = (
				3F02F2B32A29F44700FDE52E /* loading.json */,
			);
			path = LottieFiles;
			sourceTree = "<group>";
		};
		EB90A6162A2B382100295296 /* Auth */ = {
			isa = PBXGroup;
			children = (
				EB90A6172A2B383B00295296 /* CreateCustomer.swift */,
				EB90A6192A2B384F00295296 /* CreateCustomerResponse.swift */,
			);
			path = Auth;
			sourceTree = "<group>";
		};
		EB95F9DA2A2B5EF8007C7177 /* GraphQl */ = {
			isa = PBXGroup;
			children = (
				3F02F2B02A29EFE900FDE52E /* API.swift */,
				3F02F2AE2A29EC4C00FDE52E /* schema.json */,
				3F02F2AA2A29EBCE00FDE52E /* querys.graphql */,
				3F02F2AC2A29EC1400FDE52E /* mutations.graphql */,
			);
			path = GraphQl;
			sourceTree = "<group>";
		};
		EBC8D0E52A2AAC22006DACFD /* ProductDetails */ = {
			isa = PBXGroup;
			children = (
				EBC8D0E82A2AAC7E006DACFD /* Models */,
				EBC8D0E72A2AAC7C006DACFD /* Views */,
				EBC8D0E62A2AAC79006DACFD /* ViewModels */,
			);
			path = ProductDetails;
			sourceTree = "<group>";
		};
		EBC8D0E62A2AAC79006DACFD /* ViewModels */ = {
			isa = PBXGroup;
			children = (
				EBC8D0E92A2AAE0C006DACFD /* ProductDetailsViewModel.swift */,
			);
			path = ViewModels;
			sourceTree = "<group>";
		};
		EBC8D0E72A2AAC7C006DACFD /* Views */ = {
			isa = PBXGroup;
			children = (
				EBC8D0EB2A2AAF1A006DACFD /* ProductDetailsView.swift */,
				EBC8D0ED2A2AB68A006DACFD /* SwiftUIView.swift */,
			);
			path = Views;
			sourceTree = "<group>";
		};
		EBC8D0E82A2AAC7E006DACFD /* Models */ = {
			isa = PBXGroup;
			children = (
				EBC8D0E32A2AA930006DACFD /* ProductDetails.swift */,
			);
			path = Models;
			sourceTree = "<group>";
		};
		F259314D8E7785EE5BB0F563 /* Frameworks */ = {
			isa = PBXGroup;
			children = (
				C03094883316ABB45E3A79E7 /* Pods_EasyBuy.framework */,
				D3507BF2A68414E5293DF9AD /* Pods_EasyBuy_EasyBuyUITests.framework */,
				3DFEA8E6555F657DAB22A79E /* Pods_EasyBuyTests.framework */,
			);
			name = Frameworks;
			sourceTree = "<group>";
		};
/* End PBXGroup section */

/* Begin PBXNativeTarget section */
		17C9CF1F2A27E12F004BCCC2 /* EasyBuy */ = {
			isa = PBXNativeTarget;
			buildConfigurationList = 17C9CF492A27E133004BCCC2 /* Build configuration list for PBXNativeTarget "EasyBuy" */;
			buildPhases = (
				D09BFE695844ABF4112159D2 /* [CP] Check Pods Manifest.lock */,
				3F02F2AF2A29EC8400FDE52E /* ShellScript */,
				17C9CF1C2A27E12F004BCCC2 /* Sources */,
				17C9CF1D2A27E12F004BCCC2 /* Frameworks */,
				17C9CF1E2A27E12F004BCCC2 /* Resources */,
				A72D909D26B750C4565D0868 /* [CP] Embed Pods Frameworks */,
			);
			buildRules = (
			);
			dependencies = (
			);
			name = EasyBuy;
			packageProductDependencies = (
				171B14D32A2891B900851C67 /* Lottie */,
				171B14DB2A28A23E00851C67 /* Kingfisher */,
				171B14DE2A28A34200851C67 /* Alamofire */,
			);
			productName = EasyBuy;
			productReference = 17C9CF202A27E12F004BCCC2 /* EasyBuy.app */;
			productType = "com.apple.product-type.application";
		};
		17C9CF342A27E133004BCCC2 /* EasyBuyTests */ = {
			isa = PBXNativeTarget;
			buildConfigurationList = 17C9CF4C2A27E133004BCCC2 /* Build configuration list for PBXNativeTarget "EasyBuyTests" */;
			buildPhases = (
				9C14D142273BDD27FB6FB853 /* [CP] Check Pods Manifest.lock */,
				17C9CF312A27E133004BCCC2 /* Sources */,
				17C9CF322A27E133004BCCC2 /* Frameworks */,
				17C9CF332A27E133004BCCC2 /* Resources */,
			);
			buildRules = (
			);
			dependencies = (
				17C9CF372A27E133004BCCC2 /* PBXTargetDependency */,
			);
			name = EasyBuyTests;
			productName = EasyBuyTests;
			productReference = 17C9CF352A27E133004BCCC2 /* EasyBuyTests.xctest */;
			productType = "com.apple.product-type.bundle.unit-test";
		};
		17C9CF3E2A27E133004BCCC2 /* EasyBuyUITests */ = {
			isa = PBXNativeTarget;
			buildConfigurationList = 17C9CF4F2A27E133004BCCC2 /* Build configuration list for PBXNativeTarget "EasyBuyUITests" */;
			buildPhases = (
				6B8DADBC560C94CF015B8CFE /* [CP] Check Pods Manifest.lock */,
				17C9CF3B2A27E133004BCCC2 /* Sources */,
				17C9CF3C2A27E133004BCCC2 /* Frameworks */,
				17C9CF3D2A27E133004BCCC2 /* Resources */,
				E52AD63CE84B9392B0090BE1 /* [CP] Embed Pods Frameworks */,
			);
			buildRules = (
			);
			dependencies = (
				17C9CF412A27E133004BCCC2 /* PBXTargetDependency */,
			);
			name = EasyBuyUITests;
			productName = EasyBuyUITests;
			productReference = 17C9CF3F2A27E133004BCCC2 /* EasyBuyUITests.xctest */;
			productType = "com.apple.product-type.bundle.ui-testing";
		};
/* End PBXNativeTarget section */

/* Begin PBXProject section */
		17C9CF182A27E12F004BCCC2 /* Project object */ = {
			isa = PBXProject;
			attributes = {
				BuildIndependentTargetsInParallel = 1;
				LastSwiftUpdateCheck = 1420;
				LastUpgradeCheck = 1420;
				TargetAttributes = {
					17C9CF1F2A27E12F004BCCC2 = {
						CreatedOnToolsVersion = 14.2;
					};
					17C9CF342A27E133004BCCC2 = {
						CreatedOnToolsVersion = 14.2;
						TestTargetID = 17C9CF1F2A27E12F004BCCC2;
					};
					17C9CF3E2A27E133004BCCC2 = {
						CreatedOnToolsVersion = 14.2;
						TestTargetID = 17C9CF1F2A27E12F004BCCC2;
					};
				};
			};
			buildConfigurationList = 17C9CF1B2A27E12F004BCCC2 /* Build configuration list for PBXProject "EasyBuy" */;
			compatibilityVersion = "Xcode 14.0";
			developmentRegion = en;
			hasScannedForEncodings = 0;
			knownRegions = (
				en,
				Base,
			);
			mainGroup = 17C9CF172A27E12F004BCCC2;
			packageReferences = (
				171B14D22A2891B900851C67 /* XCRemoteSwiftPackageReference "lottie-ios" */,
				171B14DA2A28A23E00851C67 /* XCRemoteSwiftPackageReference "Kingfisher" */,
				171B14DD2A28A34200851C67 /* XCRemoteSwiftPackageReference "Alamofire" */,
			);
			productRefGroup = 17C9CF212A27E12F004BCCC2 /* Products */;
			projectDirPath = "";
			projectRoot = "";
			targets = (
				17C9CF1F2A27E12F004BCCC2 /* EasyBuy */,
				17C9CF342A27E133004BCCC2 /* EasyBuyTests */,
				17C9CF3E2A27E133004BCCC2 /* EasyBuyUITests */,
			);
		};
/* End PBXProject section */

/* Begin PBXResourcesBuildPhase section */
		17C9CF1E2A27E12F004BCCC2 /* Resources */ = {
			isa = PBXResourcesBuildPhase;
			buildActionMask = 2147483647;
			files = (
				17C9CF2B2A27E132004BCCC2 /* Preview Assets.xcassets in Resources */,
				17C9CF282A27E132004BCCC2 /* Assets.xcassets in Resources */,
				3F02F2B42A29F44700FDE52E /* loading.json in Resources */,
			);
			runOnlyForDeploymentPostprocessing = 0;
		};
		17C9CF332A27E133004BCCC2 /* Resources */ = {
			isa = PBXResourcesBuildPhase;
			buildActionMask = 2147483647;
			files = (
			);
			runOnlyForDeploymentPostprocessing = 0;
		};
		17C9CF3D2A27E133004BCCC2 /* Resources */ = {
			isa = PBXResourcesBuildPhase;
			buildActionMask = 2147483647;
			files = (
			);
			runOnlyForDeploymentPostprocessing = 0;
		};
/* End PBXResourcesBuildPhase section */

/* Begin PBXShellScriptBuildPhase section */
		3F02F2AF2A29EC8400FDE52E /* ShellScript */ = {
			isa = PBXShellScriptBuildPhase;
			buildActionMask = 8;
			files = (
			);
			inputFileListPaths = (
			);
			inputPaths = (
			);
			outputFileListPaths = (
			);
			outputPaths = (
			);
			runOnlyForDeploymentPostprocessing = 1;
			shellPath = /bin/sh;
			shellScript = "# Type a script or drag a script file from your workspace to insert its path.\nSCRIPT_PATH=\"${PODS_ROOT}/Apollo/scripts\"\ncd \"${SRCROOT}/${TARGET_NAME}\"\n\"${SCRIPT_PATH}\"/run-bundled-codegen.sh codegen:generate --target=swift --includes=./**/*.graphql --localSchemaFile=\"schema.json\" API.swift\n\n";
		};
		6B8DADBC560C94CF015B8CFE /* [CP] Check Pods Manifest.lock */ = {
			isa = PBXShellScriptBuildPhase;
			buildActionMask = 2147483647;
			files = (
			);
			inputFileListPaths = (
			);
			inputPaths = (
				"${PODS_PODFILE_DIR_PATH}/Podfile.lock",
				"${PODS_ROOT}/Manifest.lock",
			);
			name = "[CP] Check Pods Manifest.lock";
			outputFileListPaths = (
			);
			outputPaths = (
				"$(DERIVED_FILE_DIR)/Pods-EasyBuy-EasyBuyUITests-checkManifestLockResult.txt",
			);
			runOnlyForDeploymentPostprocessing = 0;
			shellPath = /bin/sh;
			shellScript = "diff \"${PODS_PODFILE_DIR_PATH}/Podfile.lock\" \"${PODS_ROOT}/Manifest.lock\" > /dev/null\nif [ $? != 0 ] ; then\n    # print error to STDERR\n    echo \"error: The sandbox is not in sync with the Podfile.lock. Run 'pod install' or update your CocoaPods installation.\" >&2\n    exit 1\nfi\n# This output is used by Xcode 'outputs' to avoid re-running this script phase.\necho \"SUCCESS\" > \"${SCRIPT_OUTPUT_FILE_0}\"\n";
			showEnvVarsInLog = 0;
		};
		9C14D142273BDD27FB6FB853 /* [CP] Check Pods Manifest.lock */ = {
			isa = PBXShellScriptBuildPhase;
			buildActionMask = 2147483647;
			files = (
			);
			inputFileListPaths = (
			);
			inputPaths = (
				"${PODS_PODFILE_DIR_PATH}/Podfile.lock",
				"${PODS_ROOT}/Manifest.lock",
			);
			name = "[CP] Check Pods Manifest.lock";
			outputFileListPaths = (
			);
			outputPaths = (
				"$(DERIVED_FILE_DIR)/Pods-EasyBuyTests-checkManifestLockResult.txt",
			);
			runOnlyForDeploymentPostprocessing = 0;
			shellPath = /bin/sh;
			shellScript = "diff \"${PODS_PODFILE_DIR_PATH}/Podfile.lock\" \"${PODS_ROOT}/Manifest.lock\" > /dev/null\nif [ $? != 0 ] ; then\n    # print error to STDERR\n    echo \"error: The sandbox is not in sync with the Podfile.lock. Run 'pod install' or update your CocoaPods installation.\" >&2\n    exit 1\nfi\n# This output is used by Xcode 'outputs' to avoid re-running this script phase.\necho \"SUCCESS\" > \"${SCRIPT_OUTPUT_FILE_0}\"\n";
			showEnvVarsInLog = 0;
		};
		A72D909D26B750C4565D0868 /* [CP] Embed Pods Frameworks */ = {
			isa = PBXShellScriptBuildPhase;
			buildActionMask = 2147483647;
			files = (
			);
			inputFileListPaths = (
				"${PODS_ROOT}/Target Support Files/Pods-EasyBuy/Pods-EasyBuy-frameworks-${CONFIGURATION}-input-files.xcfilelist",
			);
			name = "[CP] Embed Pods Frameworks";
			outputFileListPaths = (
				"${PODS_ROOT}/Target Support Files/Pods-EasyBuy/Pods-EasyBuy-frameworks-${CONFIGURATION}-output-files.xcfilelist",
			);
			runOnlyForDeploymentPostprocessing = 0;
			shellPath = /bin/sh;
			shellScript = "\"${PODS_ROOT}/Target Support Files/Pods-EasyBuy/Pods-EasyBuy-frameworks.sh\"\n";
			showEnvVarsInLog = 0;
		};
		D09BFE695844ABF4112159D2 /* [CP] Check Pods Manifest.lock */ = {
			isa = PBXShellScriptBuildPhase;
			buildActionMask = 2147483647;
			files = (
			);
			inputFileListPaths = (
			);
			inputPaths = (
				"${PODS_PODFILE_DIR_PATH}/Podfile.lock",
				"${PODS_ROOT}/Manifest.lock",
			);
			name = "[CP] Check Pods Manifest.lock";
			outputFileListPaths = (
			);
			outputPaths = (
				"$(DERIVED_FILE_DIR)/Pods-EasyBuy-checkManifestLockResult.txt",
			);
			runOnlyForDeploymentPostprocessing = 0;
			shellPath = /bin/sh;
			shellScript = "diff \"${PODS_PODFILE_DIR_PATH}/Podfile.lock\" \"${PODS_ROOT}/Manifest.lock\" > /dev/null\nif [ $? != 0 ] ; then\n    # print error to STDERR\n    echo \"error: The sandbox is not in sync with the Podfile.lock. Run 'pod install' or update your CocoaPods installation.\" >&2\n    exit 1\nfi\n# This output is used by Xcode 'outputs' to avoid re-running this script phase.\necho \"SUCCESS\" > \"${SCRIPT_OUTPUT_FILE_0}\"\n";
			showEnvVarsInLog = 0;
		};
		E52AD63CE84B9392B0090BE1 /* [CP] Embed Pods Frameworks */ = {
			isa = PBXShellScriptBuildPhase;
			buildActionMask = 2147483647;
			files = (
			);
			inputFileListPaths = (
				"${PODS_ROOT}/Target Support Files/Pods-EasyBuy-EasyBuyUITests/Pods-EasyBuy-EasyBuyUITests-frameworks-${CONFIGURATION}-input-files.xcfilelist",
			);
			name = "[CP] Embed Pods Frameworks";
			outputFileListPaths = (
				"${PODS_ROOT}/Target Support Files/Pods-EasyBuy-EasyBuyUITests/Pods-EasyBuy-EasyBuyUITests-frameworks-${CONFIGURATION}-output-files.xcfilelist",
			);
			runOnlyForDeploymentPostprocessing = 0;
			shellPath = /bin/sh;
			shellScript = "\"${PODS_ROOT}/Target Support Files/Pods-EasyBuy-EasyBuyUITests/Pods-EasyBuy-EasyBuyUITests-frameworks.sh\"\n";
			showEnvVarsInLog = 0;
		};
/* End PBXShellScriptBuildPhase section */

/* Begin PBXSourcesBuildPhase section */
		17C9CF1C2A27E12F004BCCC2 /* Sources */ = {
			isa = PBXSourcesBuildPhase;
			buildActionMask = 2147483647;
			files = (
				14F9B26C2A2B9699009C2611 /* CategoryItemView.swift in Sources */,
				EB90A61A2A2B384F00295296 /* CreateCustomerResponse.swift in Sources */,
				17C9CF7F2A27E1D3004BCCC2 /* Constants.swift in Sources */,
				3F02F2AD2A29EC1400FDE52E /* mutations.graphql in Sources */,
				14F9B26A2A2B9651009C2611 /* ProductCatalog.swift in Sources */,
				14F9B27A2A2B97DF009C2611 /* MotionAnimationView.swift in Sources */,
				EBC8D0EE2A2AB68A006DACFD /* SwiftUIView.swift in Sources */,
				EB90A6182A2B383B00295296 /* CreateCustomer.swift in Sources */,
				EBC8D0E42A2AA930006DACFD /* ProductDetails.swift in Sources */,
				171B151E2A28FCCF00851C67 /* HomeViewModel.swift in Sources */,
				17C9CF2D2A27E132004BCCC2 /* Persistence.swift in Sources */,
				14F9B2782A2B97BF009C2611 /* CustomCurveShape.swift in Sources */,
				3F02F2AB2A29EBCE00FDE52E /* querys.graphql in Sources */,
				17C9CF262A27E12F004BCCC2 /* ContentView.swift in Sources */,
				3F02F2B12A29EFEA00FDE52E /* API.swift in Sources */,
				171B15192A28FC9200851C67 /* Models.swift in Sources */,
				14F9B2762A2B97A1009C2611 /* NavigationBarView.swift in Sources */,
				3F02F2A62A29E83E00FDE52E /* NetworkManager.swift in Sources */,
				EBC8D0EC2A2AAF1A006DACFD /* ProductDetailsView.swift in Sources */,
				17C9CF302A27E132004BCCC2 /* EasyBuy.xcdatamodeld in Sources */,
				14F9B2702A2B9733009C2611 /* RatingBlock.swift in Sources */,
				14F9B2742A2B9783009C2611 /* LogoView.swift in Sources */,
				14F9B2642A2B949B009C2611 /* LineView.swift in Sources */,
				EBC8D0EA2A2AAE0C006DACFD /* ProductDetailsViewModel.swift in Sources */,
				3F02F2A82A29EA1A00FDE52E /* NetworkInterceptorProvider.swift in Sources */,
				14F9B26E2A2B96D7009C2611 /* CategoryGridView.swift in Sources */,
				17C9CF242A27E12F004BCCC2 /* EasyBuyApp.swift in Sources */,
				14F9B2662A2B94DD009C2611 /* TitleView.swift in Sources */,
				14F9B27C2A2B980B009C2611 /* CoverImageView.swift in Sources */,
				14F9B2722A2B9760009C2611 /* SectionView.swift in Sources */,
				14F9B2682A2B9514009C2611 /* ProductCell.swift in Sources */,
				171B14D92A28996C00851C67 /* NetworkReachability.swift in Sources */,
				171B15172A28FC7F00851C67 /* NetworkService.swift in Sources */,
			);
			runOnlyForDeploymentPostprocessing = 0;
		};
		17C9CF312A27E133004BCCC2 /* Sources */ = {
			isa = PBXSourcesBuildPhase;
			buildActionMask = 2147483647;
			files = (
				17C9CF3A2A27E133004BCCC2 /* EasyBuyTests.swift in Sources */,
			);
			runOnlyForDeploymentPostprocessing = 0;
		};
		17C9CF3B2A27E133004BCCC2 /* Sources */ = {
			isa = PBXSourcesBuildPhase;
			buildActionMask = 2147483647;
			files = (
				17C9CF442A27E133004BCCC2 /* EasyBuyUITests.swift in Sources */,
				17C9CF462A27E133004BCCC2 /* EasyBuyUITestsLaunchTests.swift in Sources */,
			);
			runOnlyForDeploymentPostprocessing = 0;
		};
/* End PBXSourcesBuildPhase section */

/* Begin PBXTargetDependency section */
		17C9CF372A27E133004BCCC2 /* PBXTargetDependency */ = {
			isa = PBXTargetDependency;
			target = 17C9CF1F2A27E12F004BCCC2 /* EasyBuy */;
			targetProxy = 17C9CF362A27E133004BCCC2 /* PBXContainerItemProxy */;
		};
		17C9CF412A27E133004BCCC2 /* PBXTargetDependency */ = {
			isa = PBXTargetDependency;
			target = 17C9CF1F2A27E12F004BCCC2 /* EasyBuy */;
			targetProxy = 17C9CF402A27E133004BCCC2 /* PBXContainerItemProxy */;
		};
/* End PBXTargetDependency section */

/* Begin XCBuildConfiguration section */
		17C9CF472A27E133004BCCC2 /* Debug */ = {
			isa = XCBuildConfiguration;
			buildSettings = {
				ALWAYS_SEARCH_USER_PATHS = NO;
				CLANG_ANALYZER_NONNULL = YES;
				CLANG_ANALYZER_NUMBER_OBJECT_CONVERSION = YES_AGGRESSIVE;
				CLANG_CXX_LANGUAGE_STANDARD = "gnu++20";
				CLANG_ENABLE_MODULES = YES;
				CLANG_ENABLE_OBJC_ARC = YES;
				CLANG_ENABLE_OBJC_WEAK = YES;
				CLANG_WARN_BLOCK_CAPTURE_AUTORELEASING = YES;
				CLANG_WARN_BOOL_CONVERSION = YES;
				CLANG_WARN_COMMA = YES;
				CLANG_WARN_CONSTANT_CONVERSION = YES;
				CLANG_WARN_DEPRECATED_OBJC_IMPLEMENTATIONS = YES;
				CLANG_WARN_DIRECT_OBJC_ISA_USAGE = YES_ERROR;
				CLANG_WARN_DOCUMENTATION_COMMENTS = YES;
				CLANG_WARN_EMPTY_BODY = YES;
				CLANG_WARN_ENUM_CONVERSION = YES;
				CLANG_WARN_INFINITE_RECURSION = YES;
				CLANG_WARN_INT_CONVERSION = YES;
				CLANG_WARN_NON_LITERAL_NULL_CONVERSION = YES;
				CLANG_WARN_OBJC_IMPLICIT_RETAIN_SELF = YES;
				CLANG_WARN_OBJC_LITERAL_CONVERSION = YES;
				CLANG_WARN_OBJC_ROOT_CLASS = YES_ERROR;
				CLANG_WARN_QUOTED_INCLUDE_IN_FRAMEWORK_HEADER = YES;
				CLANG_WARN_RANGE_LOOP_ANALYSIS = YES;
				CLANG_WARN_STRICT_PROTOTYPES = YES;
				CLANG_WARN_SUSPICIOUS_MOVE = YES;
				CLANG_WARN_UNGUARDED_AVAILABILITY = YES_AGGRESSIVE;
				CLANG_WARN_UNREACHABLE_CODE = YES;
				CLANG_WARN__DUPLICATE_METHOD_MATCH = YES;
				COPY_PHASE_STRIP = NO;
				DEBUG_INFORMATION_FORMAT = dwarf;
				ENABLE_STRICT_OBJC_MSGSEND = YES;
				ENABLE_TESTABILITY = YES;
				GCC_C_LANGUAGE_STANDARD = gnu11;
				GCC_DYNAMIC_NO_PIC = NO;
				GCC_NO_COMMON_BLOCKS = YES;
				GCC_OPTIMIZATION_LEVEL = 0;
				GCC_PREPROCESSOR_DEFINITIONS = (
					"DEBUG=1",
					"$(inherited)",
				);
				GCC_WARN_64_TO_32_BIT_CONVERSION = YES;
				GCC_WARN_ABOUT_RETURN_TYPE = YES_ERROR;
				GCC_WARN_UNDECLARED_SELECTOR = YES;
				GCC_WARN_UNINITIALIZED_AUTOS = YES_AGGRESSIVE;
				GCC_WARN_UNUSED_FUNCTION = YES;
				GCC_WARN_UNUSED_VARIABLE = YES;
				IPHONEOS_DEPLOYMENT_TARGET = 15.0;
				MTL_ENABLE_DEBUG_INFO = INCLUDE_SOURCE;
				MTL_FAST_MATH = YES;
				ONLY_ACTIVE_ARCH = YES;
				SDKROOT = iphoneos;
				SWIFT_ACTIVE_COMPILATION_CONDITIONS = DEBUG;
				SWIFT_OPTIMIZATION_LEVEL = "-Onone";
			};
			name = Debug;
		};
		17C9CF482A27E133004BCCC2 /* Release */ = {
			isa = XCBuildConfiguration;
			buildSettings = {
				ALWAYS_SEARCH_USER_PATHS = NO;
				CLANG_ANALYZER_NONNULL = YES;
				CLANG_ANALYZER_NUMBER_OBJECT_CONVERSION = YES_AGGRESSIVE;
				CLANG_CXX_LANGUAGE_STANDARD = "gnu++20";
				CLANG_ENABLE_MODULES = YES;
				CLANG_ENABLE_OBJC_ARC = YES;
				CLANG_ENABLE_OBJC_WEAK = YES;
				CLANG_WARN_BLOCK_CAPTURE_AUTORELEASING = YES;
				CLANG_WARN_BOOL_CONVERSION = YES;
				CLANG_WARN_COMMA = YES;
				CLANG_WARN_CONSTANT_CONVERSION = YES;
				CLANG_WARN_DEPRECATED_OBJC_IMPLEMENTATIONS = YES;
				CLANG_WARN_DIRECT_OBJC_ISA_USAGE = YES_ERROR;
				CLANG_WARN_DOCUMENTATION_COMMENTS = YES;
				CLANG_WARN_EMPTY_BODY = YES;
				CLANG_WARN_ENUM_CONVERSION = YES;
				CLANG_WARN_INFINITE_RECURSION = YES;
				CLANG_WARN_INT_CONVERSION = YES;
				CLANG_WARN_NON_LITERAL_NULL_CONVERSION = YES;
				CLANG_WARN_OBJC_IMPLICIT_RETAIN_SELF = YES;
				CLANG_WARN_OBJC_LITERAL_CONVERSION = YES;
				CLANG_WARN_OBJC_ROOT_CLASS = YES_ERROR;
				CLANG_WARN_QUOTED_INCLUDE_IN_FRAMEWORK_HEADER = YES;
				CLANG_WARN_RANGE_LOOP_ANALYSIS = YES;
				CLANG_WARN_STRICT_PROTOTYPES = YES;
				CLANG_WARN_SUSPICIOUS_MOVE = YES;
				CLANG_WARN_UNGUARDED_AVAILABILITY = YES_AGGRESSIVE;
				CLANG_WARN_UNREACHABLE_CODE = YES;
				CLANG_WARN__DUPLICATE_METHOD_MATCH = YES;
				COPY_PHASE_STRIP = NO;
				DEBUG_INFORMATION_FORMAT = "dwarf-with-dsym";
				ENABLE_NS_ASSERTIONS = NO;
				ENABLE_STRICT_OBJC_MSGSEND = YES;
				GCC_C_LANGUAGE_STANDARD = gnu11;
				GCC_NO_COMMON_BLOCKS = YES;
				GCC_WARN_64_TO_32_BIT_CONVERSION = YES;
				GCC_WARN_ABOUT_RETURN_TYPE = YES_ERROR;
				GCC_WARN_UNDECLARED_SELECTOR = YES;
				GCC_WARN_UNINITIALIZED_AUTOS = YES_AGGRESSIVE;
				GCC_WARN_UNUSED_FUNCTION = YES;
				GCC_WARN_UNUSED_VARIABLE = YES;
				IPHONEOS_DEPLOYMENT_TARGET = 15.0;
				MTL_ENABLE_DEBUG_INFO = NO;
				MTL_FAST_MATH = YES;
				SDKROOT = iphoneos;
				SWIFT_COMPILATION_MODE = wholemodule;
				SWIFT_OPTIMIZATION_LEVEL = "-O";
				VALIDATE_PRODUCT = YES;
			};
			name = Release;
		};
		17C9CF4A2A27E133004BCCC2 /* Debug */ = {
			isa = XCBuildConfiguration;
			baseConfigurationReference = 9FDB15B709C744CC1801AEF5 /* Pods-EasyBuy.debug.xcconfig */;
			buildSettings = {
				ASSETCATALOG_COMPILER_APPICON_NAME = AppIcon;
				ASSETCATALOG_COMPILER_GLOBAL_ACCENT_COLOR_NAME = AccentColor;
				CODE_SIGN_STYLE = Automatic;
				CURRENT_PROJECT_VERSION = 1;
				DEVELOPMENT_ASSET_PATHS = "\"EasyBuy/App/Assets/Preview Content\"";
				DEVELOPMENT_TEAM = CV64V222GG;
				ENABLE_PREVIEWS = YES;
				GENERATE_INFOPLIST_FILE = YES;
				INFOPLIST_KEY_UIApplicationSceneManifest_Generation = YES;
				INFOPLIST_KEY_UIApplicationSupportsIndirectInputEvents = YES;
				INFOPLIST_KEY_UILaunchScreen_Generation = YES;
				INFOPLIST_KEY_UISupportedInterfaceOrientations_iPad = "UIInterfaceOrientationPortrait UIInterfaceOrientationPortraitUpsideDown UIInterfaceOrientationLandscapeLeft UIInterfaceOrientationLandscapeRight";
				INFOPLIST_KEY_UISupportedInterfaceOrientations_iPhone = "UIInterfaceOrientationPortrait UIInterfaceOrientationLandscapeLeft UIInterfaceOrientationLandscapeRight";
				LD_RUNPATH_SEARCH_PATHS = (
					"$(inherited)",
					"@executable_path/Frameworks",
				);
				MARKETING_VERSION = 1.0;
				PRODUCT_BUNDLE_IDENTIFIER = com.EasyBuyy;
				PRODUCT_NAME = "$(TARGET_NAME)";
				SWIFT_EMIT_LOC_STRINGS = YES;
				SWIFT_VERSION = 5.0;
				TARGETED_DEVICE_FAMILY = "1,2";
			};
			name = Debug;
		};
		17C9CF4B2A27E133004BCCC2 /* Release */ = {
			isa = XCBuildConfiguration;
			baseConfigurationReference = 097FF13FBA537AE765A4B491 /* Pods-EasyBuy.release.xcconfig */;
			buildSettings = {
				ASSETCATALOG_COMPILER_APPICON_NAME = AppIcon;
				ASSETCATALOG_COMPILER_GLOBAL_ACCENT_COLOR_NAME = AccentColor;
				CODE_SIGN_STYLE = Automatic;
				CURRENT_PROJECT_VERSION = 1;
				DEVELOPMENT_ASSET_PATHS = "\"EasyBuy/App/Assets/Preview Content\"";
				DEVELOPMENT_TEAM = CV64V222GG;
				ENABLE_PREVIEWS = YES;
				GENERATE_INFOPLIST_FILE = YES;
				INFOPLIST_KEY_UIApplicationSceneManifest_Generation = YES;
				INFOPLIST_KEY_UIApplicationSupportsIndirectInputEvents = YES;
				INFOPLIST_KEY_UILaunchScreen_Generation = YES;
				INFOPLIST_KEY_UISupportedInterfaceOrientations_iPad = "UIInterfaceOrientationPortrait UIInterfaceOrientationPortraitUpsideDown UIInterfaceOrientationLandscapeLeft UIInterfaceOrientationLandscapeRight";
				INFOPLIST_KEY_UISupportedInterfaceOrientations_iPhone = "UIInterfaceOrientationPortrait UIInterfaceOrientationLandscapeLeft UIInterfaceOrientationLandscapeRight";
				LD_RUNPATH_SEARCH_PATHS = (
					"$(inherited)",
					"@executable_path/Frameworks",
				);
				MARKETING_VERSION = 1.0;
				PRODUCT_BUNDLE_IDENTIFIER = com.EasyBuyy;
				PRODUCT_NAME = "$(TARGET_NAME)";
				SWIFT_EMIT_LOC_STRINGS = YES;
				SWIFT_VERSION = 5.0;
				TARGETED_DEVICE_FAMILY = "1,2";
			};
			name = Release;
		};
		17C9CF4D2A27E133004BCCC2 /* Debug */ = {
			isa = XCBuildConfiguration;
			baseConfigurationReference = 83BDA726C11A8D3B396FD0AB /* Pods-EasyBuyTests.debug.xcconfig */;
			buildSettings = {
				ALWAYS_EMBED_SWIFT_STANDARD_LIBRARIES = YES;
				BUNDLE_LOADER = "$(TEST_HOST)";
				CODE_SIGN_STYLE = Automatic;
				CURRENT_PROJECT_VERSION = 1;
				DEVELOPMENT_TEAM = CV64V222GG;
				GENERATE_INFOPLIST_FILE = YES;
				IPHONEOS_DEPLOYMENT_TARGET = 16.2;
				MARKETING_VERSION = 1.0;
				PRODUCT_BUNDLE_IDENTIFIER = com.EasyBuyTests;
				PRODUCT_NAME = "$(TARGET_NAME)";
				SWIFT_EMIT_LOC_STRINGS = NO;
				SWIFT_VERSION = 5.0;
				TARGETED_DEVICE_FAMILY = "1,2";
				TEST_HOST = "$(BUILT_PRODUCTS_DIR)/EasyBuy.app/$(BUNDLE_EXECUTABLE_FOLDER_PATH)/EasyBuy";
			};
			name = Debug;
		};
		17C9CF4E2A27E133004BCCC2 /* Release */ = {
			isa = XCBuildConfiguration;
			baseConfigurationReference = 57381625E4BE77ECA2BF6311 /* Pods-EasyBuyTests.release.xcconfig */;
			buildSettings = {
				ALWAYS_EMBED_SWIFT_STANDARD_LIBRARIES = YES;
				BUNDLE_LOADER = "$(TEST_HOST)";
				CODE_SIGN_STYLE = Automatic;
				CURRENT_PROJECT_VERSION = 1;
				DEVELOPMENT_TEAM = CV64V222GG;
				GENERATE_INFOPLIST_FILE = YES;
				IPHONEOS_DEPLOYMENT_TARGET = 16.2;
				MARKETING_VERSION = 1.0;
				PRODUCT_BUNDLE_IDENTIFIER = com.EasyBuyTests;
				PRODUCT_NAME = "$(TARGET_NAME)";
				SWIFT_EMIT_LOC_STRINGS = NO;
				SWIFT_VERSION = 5.0;
				TARGETED_DEVICE_FAMILY = "1,2";
				TEST_HOST = "$(BUILT_PRODUCTS_DIR)/EasyBuy.app/$(BUNDLE_EXECUTABLE_FOLDER_PATH)/EasyBuy";
			};
			name = Release;
		};
		17C9CF502A27E133004BCCC2 /* Debug */ = {
			isa = XCBuildConfiguration;
			baseConfigurationReference = 1BB6EB9E9012D54B0A8065EA /* Pods-EasyBuy-EasyBuyUITests.debug.xcconfig */;
			buildSettings = {
				ALWAYS_EMBED_SWIFT_STANDARD_LIBRARIES = YES;
				CODE_SIGN_STYLE = Automatic;
				CURRENT_PROJECT_VERSION = 1;
				DEVELOPMENT_TEAM = CV64V222GG;
				GENERATE_INFOPLIST_FILE = YES;
				MARKETING_VERSION = 1.0;
				PRODUCT_BUNDLE_IDENTIFIER = com.EasyBuyUITests;
				PRODUCT_NAME = "$(TARGET_NAME)";
				SWIFT_EMIT_LOC_STRINGS = NO;
				SWIFT_VERSION = 5.0;
				TARGETED_DEVICE_FAMILY = "1,2";
				TEST_TARGET_NAME = EasyBuy;
			};
			name = Debug;
		};
		17C9CF512A27E133004BCCC2 /* Release */ = {
			isa = XCBuildConfiguration;
			baseConfigurationReference = FB74FE586EB4F9F505BC47A9 /* Pods-EasyBuy-EasyBuyUITests.release.xcconfig */;
			buildSettings = {
				ALWAYS_EMBED_SWIFT_STANDARD_LIBRARIES = YES;
				CODE_SIGN_STYLE = Automatic;
				CURRENT_PROJECT_VERSION = 1;
				DEVELOPMENT_TEAM = CV64V222GG;
				GENERATE_INFOPLIST_FILE = YES;
				MARKETING_VERSION = 1.0;
				PRODUCT_BUNDLE_IDENTIFIER = com.EasyBuyUITests;
				PRODUCT_NAME = "$(TARGET_NAME)";
				SWIFT_EMIT_LOC_STRINGS = NO;
				SWIFT_VERSION = 5.0;
				TARGETED_DEVICE_FAMILY = "1,2";
				TEST_TARGET_NAME = EasyBuy;
			};
			name = Release;
		};
/* End XCBuildConfiguration section */

/* Begin XCConfigurationList section */
		17C9CF1B2A27E12F004BCCC2 /* Build configuration list for PBXProject "EasyBuy" */ = {
			isa = XCConfigurationList;
			buildConfigurations = (
				17C9CF472A27E133004BCCC2 /* Debug */,
				17C9CF482A27E133004BCCC2 /* Release */,
			);
			defaultConfigurationIsVisible = 0;
			defaultConfigurationName = Release;
		};
		17C9CF492A27E133004BCCC2 /* Build configuration list for PBXNativeTarget "EasyBuy" */ = {
			isa = XCConfigurationList;
			buildConfigurations = (
				17C9CF4A2A27E133004BCCC2 /* Debug */,
				17C9CF4B2A27E133004BCCC2 /* Release */,
			);
			defaultConfigurationIsVisible = 0;
			defaultConfigurationName = Release;
		};
		17C9CF4C2A27E133004BCCC2 /* Build configuration list for PBXNativeTarget "EasyBuyTests" */ = {
			isa = XCConfigurationList;
			buildConfigurations = (
				17C9CF4D2A27E133004BCCC2 /* Debug */,
				17C9CF4E2A27E133004BCCC2 /* Release */,
			);
			defaultConfigurationIsVisible = 0;
			defaultConfigurationName = Release;
		};
		17C9CF4F2A27E133004BCCC2 /* Build configuration list for PBXNativeTarget "EasyBuyUITests" */ = {
			isa = XCConfigurationList;
			buildConfigurations = (
				17C9CF502A27E133004BCCC2 /* Debug */,
				17C9CF512A27E133004BCCC2 /* Release */,
			);
			defaultConfigurationIsVisible = 0;
			defaultConfigurationName = Release;
		};
/* End XCConfigurationList section */

/* Begin XCRemoteSwiftPackageReference section */
		171B14D22A2891B900851C67 /* XCRemoteSwiftPackageReference "lottie-ios" */ = {
			isa = XCRemoteSwiftPackageReference;
			repositoryURL = "https://github.com/airbnb/lottie-ios";
			requirement = {
				kind = upToNextMajorVersion;
				minimumVersion = 4.0.0;
			};
		};
		171B14DA2A28A23E00851C67 /* XCRemoteSwiftPackageReference "Kingfisher" */ = {
			isa = XCRemoteSwiftPackageReference;
			repositoryURL = "https://github.com/onevcat/Kingfisher.git";
			requirement = {
				kind = upToNextMajorVersion;
				minimumVersion = 7.0.0;
			};
		};
		171B14DD2A28A34200851C67 /* XCRemoteSwiftPackageReference "Alamofire" */ = {
			isa = XCRemoteSwiftPackageReference;
			repositoryURL = "https://github.com/Alamofire/Alamofire.git";
			requirement = {
				kind = upToNextMajorVersion;
				minimumVersion = 5.0.0;
			};
		};
/* End XCRemoteSwiftPackageReference section */

/* Begin XCSwiftPackageProductDependency section */
		171B14D32A2891B900851C67 /* Lottie */ = {
			isa = XCSwiftPackageProductDependency;
			package = 171B14D22A2891B900851C67 /* XCRemoteSwiftPackageReference "lottie-ios" */;
			productName = Lottie;
		};
		171B14DB2A28A23E00851C67 /* Kingfisher */ = {
			isa = XCSwiftPackageProductDependency;
			package = 171B14DA2A28A23E00851C67 /* XCRemoteSwiftPackageReference "Kingfisher" */;
			productName = Kingfisher;
		};
		171B14DE2A28A34200851C67 /* Alamofire */ = {
			isa = XCSwiftPackageProductDependency;
			package = 171B14DD2A28A34200851C67 /* XCRemoteSwiftPackageReference "Alamofire" */;
			productName = Alamofire;
		};
/* End XCSwiftPackageProductDependency section */

/* Begin XCVersionGroup section */
		17C9CF2E2A27E132004BCCC2 /* EasyBuy.xcdatamodeld */ = {
			isa = XCVersionGroup;
			children = (
				17C9CF2F2A27E132004BCCC2 /* EasyBuy.xcdatamodel */,
			);
			currentVersion = 17C9CF2F2A27E132004BCCC2 /* EasyBuy.xcdatamodel */;
			path = EasyBuy.xcdatamodeld;
			sourceTree = "<group>";
			versionGroupType = wrapper.xcdatamodel;
		};
/* End XCVersionGroup section */
	};
	rootObject = 17C9CF182A27E12F004BCCC2 /* Project object */;
}
