// !$*UTF8*$!
{
	archiveVersion = 1;
	classes = {
	};
	objectVersion = 56;
	objects = {

/* Begin PBXBuildFile section */
		144FEAC22A2D0C670088F817 /* SwiftU.swift in Sources */ = {isa = PBXBuildFile; fileRef = 144FEAC12A2D0C670088F817 /* SwiftU.swift */; };
		146520162A2BA479006EC2CA /* Onboarding.swift in Sources */ = {isa = PBXBuildFile; fileRef = 146520152A2BA479006EC2CA /* Onboarding.swift */; };
		146520182A2BA4AB006EC2CA /* Intro.swift in Sources */ = {isa = PBXBuildFile; fileRef = 146520172A2BA4AA006EC2CA /* Intro.swift */; };
		1465201A2A2BBA61006EC2CA /* BrandProducts.swift in Sources */ = {isa = PBXBuildFile; fileRef = 146520192A2BBA61006EC2CA /* BrandProducts.swift */; };
		148580172A2BEE6800D33591 /* image.swift in Sources */ = {isa = PBXBuildFile; fileRef = 148580162A2BEE6800D33591 /* image.swift */; };
		148580192A2C061700D33591 /* BrandViewModel.swift in Sources */ = {isa = PBXBuildFile; fileRef = 148580182A2C061700D33591 /* BrandViewModel.swift */; };
		1486EB842A2B9F870029212B /* OpenSans-SemiBold.ttf in Resources */ = {isa = PBXBuildFile; fileRef = 1486EB7F2A2B9F870029212B /* OpenSans-SemiBold.ttf */; };
		1486EB852A2B9F870029212B /* OpenSans-Light.ttf in Resources */ = {isa = PBXBuildFile; fileRef = 1486EB802A2B9F870029212B /* OpenSans-Light.ttf */; };
		1486EB862A2B9F870029212B /* OpenSans-ExtraBold.ttf in Resources */ = {isa = PBXBuildFile; fileRef = 1486EB812A2B9F870029212B /* OpenSans-ExtraBold.ttf */; };
		1486EB872A2B9F870029212B /* OpenSans-Bold.ttf in Resources */ = {isa = PBXBuildFile; fileRef = 1486EB822A2B9F870029212B /* OpenSans-Bold.ttf */; };
		1486EB882A2B9F870029212B /* OpenSans-Regular.ttf in Resources */ = {isa = PBXBuildFile; fileRef = 1486EB832A2B9F870029212B /* OpenSans-Regular.ttf */; };
		1486EB8A2A2B9FB30029212B /* Home.swift in Sources */ = {isa = PBXBuildFile; fileRef = 1486EB892A2B9FB30029212B /* Home.swift */; };
		1486EB952A2B9FF40029212B /* covers.json in Resources */ = {isa = PBXBuildFile; fileRef = 1486EB8D2A2B9FF40029212B /* covers.json */; };
		1486EB962A2B9FF40029212B /* brand.json in Resources */ = {isa = PBXBuildFile; fileRef = 1486EB8E2A2B9FF40029212B /* brand.json */; };
		1486EB972A2B9FF40029212B /* orders.json in Resources */ = {isa = PBXBuildFile; fileRef = 1486EB8F2A2B9FF40029212B /* orders.json */; };
		1486EB982A2B9FF40029212B /* products.json in Resources */ = {isa = PBXBuildFile; fileRef = 1486EB902A2B9FF40029212B /* products.json */; };
		1486EB992A2B9FF40029212B /* Model.swift in Sources */ = {isa = PBXBuildFile; fileRef = 1486EB912A2B9FF40029212B /* Model.swift */; };
		1486EB9A2A2B9FF40029212B /* OrderModel.swift in Sources */ = {isa = PBXBuildFile; fileRef = 1486EB922A2B9FF40029212B /* OrderModel.swift */; };
		1486EB9B2A2B9FF40029212B /* Products.swift in Sources */ = {isa = PBXBuildFile; fileRef = 1486EB932A2B9FF40029212B /* Products.swift */; };
		1486EB9C2A2B9FF40029212B /* CoverImageModel.swift in Sources */ = {isa = PBXBuildFile; fileRef = 1486EB942A2B9FF40029212B /* CoverImageModel.swift */; };
		1486EBA22A2BA0F10029212B /* View + partialSheet.swift in Sources */ = {isa = PBXBuildFile; fileRef = 1486EB9E2A2BA0F00029212B /* View + partialSheet.swift */; };
		1486EBA32A2BA0F10029212B /* PartialSheet.swift in Sources */ = {isa = PBXBuildFile; fileRef = 1486EB9F2A2BA0F00029212B /* PartialSheet.swift */; };
		1486EBA42A2BA0F10029212B /* ImageViewExtension.swift in Sources */ = {isa = PBXBuildFile; fileRef = 1486EBA02A2BA0F00029212B /* ImageViewExtension.swift */; };
		1486EBA52A2BA0F10029212B /* CodableBundleExtension.swift in Sources */ = {isa = PBXBuildFile; fileRef = 1486EBA12A2BA0F00029212B /* CodableBundleExtension.swift */; };
		14AC6C782A37CBE700371D34 /* ProductRow.swift in Sources */ = {isa = PBXBuildFile; fileRef = 14AC6C772A37CBE700371D34 /* ProductRow.swift */; };
		14AC6C7A2A37CD1100371D34 /* UserDefaults+Extension.swift in Sources */ = {isa = PBXBuildFile; fileRef = 14AC6C792A37CD1100371D34 /* UserDefaults+Extension.swift */; };
		14AC6C7E2A37D2DC00371D34 /* OnboardingViewModel.swift in Sources */ = {isa = PBXBuildFile; fileRef = 14AC6C7D2A37D2DB00371D34 /* OnboardingViewModel.swift */; };
		14AC6C802A37D37C00371D34 /* APIServices.swift in Sources */ = {isa = PBXBuildFile; fileRef = 14AC6C7F2A37D37C00371D34 /* APIServices.swift */; };
		14BC9B412A2CE69D00D7FD4B /* Category.swift in Sources */ = {isa = PBXBuildFile; fileRef = 14BC9B402A2CE69D00D7FD4B /* Category.swift */; };
		14BC9B432A2CE6D300D7FD4B /* CategoryViewModel.swift in Sources */ = {isa = PBXBuildFile; fileRef = 14BC9B422A2CE6D300D7FD4B /* CategoryViewModel.swift */; };
		14E54EE52A2DA16A00635F72 /* error.json in Resources */ = {isa = PBXBuildFile; fileRef = 14E54EE42A2DA16900635F72 /* error.json */; };
		14E54EE72A2E10B100635F72 /* OrdersView.swift in Sources */ = {isa = PBXBuildFile; fileRef = 14E54EE62A2E10B100635F72 /* OrdersView.swift */; };
		14E54EE92A2E1FA500635F72 /* OrderRow.swift in Sources */ = {isa = PBXBuildFile; fileRef = 14E54EE82A2E1FA400635F72 /* OrderRow.swift */; };
		14E54EED2A2E301E00635F72 /* OrdersViewModel.swift in Sources */ = {isa = PBXBuildFile; fileRef = 14E54EEC2A2E301E00635F72 /* OrdersViewModel.swift */; };
		14E648FF2A2E95F500EB5CC2 /* NoProducts.swift in Sources */ = {isa = PBXBuildFile; fileRef = 14E648FE2A2E95F500EB5CC2 /* NoProducts.swift */; };
		14E649012A2E9B0D00EB5CC2 /* OrdersInLine.swift in Sources */ = {isa = PBXBuildFile; fileRef = 14E649002A2E9B0D00EB5CC2 /* OrdersInLine.swift */; };
		14F9B2642A2B949B009C2611 /* LineView.swift in Sources */ = {isa = PBXBuildFile; fileRef = 14F9B2632A2B949B009C2611 /* LineView.swift */; };
		14F9B2662A2B94DD009C2611 /* TitleView.swift in Sources */ = {isa = PBXBuildFile; fileRef = 14F9B2652A2B94DC009C2611 /* TitleView.swift */; };
		14F9B2682A2B9514009C2611 /* ProductCell.swift in Sources */ = {isa = PBXBuildFile; fileRef = 14F9B2672A2B9514009C2611 /* ProductCell.swift */; };
		14F9B26A2A2B9651009C2611 /* ProductCatalog.swift in Sources */ = {isa = PBXBuildFile; fileRef = 14F9B2692A2B9651009C2611 /* ProductCatalog.swift */; };
		14F9B26C2A2B9699009C2611 /* CategoryItemView.swift in Sources */ = {isa = PBXBuildFile; fileRef = 14F9B26B2A2B9698009C2611 /* CategoryItemView.swift */; };
		14F9B26E2A2B96D7009C2611 /* CategoryGridView.swift in Sources */ = {isa = PBXBuildFile; fileRef = 14F9B26D2A2B96D7009C2611 /* CategoryGridView.swift */; };
		14F9B2702A2B9733009C2611 /* RatingBlock.swift in Sources */ = {isa = PBXBuildFile; fileRef = 14F9B26F2A2B9733009C2611 /* RatingBlock.swift */; };
		14F9B2722A2B9760009C2611 /* SectionView.swift in Sources */ = {isa = PBXBuildFile; fileRef = 14F9B2712A2B9760009C2611 /* SectionView.swift */; };
		14F9B2742A2B9783009C2611 /* LogoView.swift in Sources */ = {isa = PBXBuildFile; fileRef = 14F9B2732A2B9783009C2611 /* LogoView.swift */; };
		14F9B2762A2B97A1009C2611 /* NavigationBarView.swift in Sources */ = {isa = PBXBuildFile; fileRef = 14F9B2752A2B97A1009C2611 /* NavigationBarView.swift */; };
		14F9B2782A2B97BF009C2611 /* CustomCurveShape.swift in Sources */ = {isa = PBXBuildFile; fileRef = 14F9B2772A2B97BF009C2611 /* CustomCurveShape.swift */; };
		14F9B27A2A2B97DF009C2611 /* MotionAnimationView.swift in Sources */ = {isa = PBXBuildFile; fileRef = 14F9B2792A2B97DF009C2611 /* MotionAnimationView.swift */; };
		14F9B27C2A2B980B009C2611 /* CoverImageView.swift in Sources */ = {isa = PBXBuildFile; fileRef = 14F9B27B2A2B980B009C2611 /* CoverImageView.swift */; };
		14F9B27E2A2B9832009C2611 /* Tags.swift in Sources */ = {isa = PBXBuildFile; fileRef = 14F9B27D2A2B9831009C2611 /* Tags.swift */; };
		14F9B2832A2B9B25009C2611 /* BaseView.swift in Sources */ = {isa = PBXBuildFile; fileRef = 14F9B2822A2B9B25009C2611 /* BaseView.swift */; };
		14F9B2852A2B9B38009C2611 /* BaseViewModel.swift in Sources */ = {isa = PBXBuildFile; fileRef = 14F9B2842A2B9B38009C2611 /* BaseViewModel.swift */; };
		171B14D42A2891B900851C67 /* Lottie in Frameworks */ = {isa = PBXBuildFile; productRef = 171B14D32A2891B900851C67 /* Lottie */; };
		171B14D92A28996C00851C67 /* NetworkReachability.swift in Sources */ = {isa = PBXBuildFile; fileRef = 171B14D82A28996C00851C67 /* NetworkReachability.swift */; };
		171B14DC2A28A23E00851C67 /* Kingfisher in Frameworks */ = {isa = PBXBuildFile; productRef = 171B14DB2A28A23E00851C67 /* Kingfisher */; };
		171B14DF2A28A34200851C67 /* Alamofire in Frameworks */ = {isa = PBXBuildFile; productRef = 171B14DE2A28A34200851C67 /* Alamofire */; };
		171B15172A28FC7F00851C67 /* NetworkService.swift in Sources */ = {isa = PBXBuildFile; fileRef = 171B15162A28FC7F00851C67 /* NetworkService.swift */; };
		171B151E2A28FCCF00851C67 /* HomeViewModel.swift in Sources */ = {isa = PBXBuildFile; fileRef = 171B151D2A28FCCF00851C67 /* HomeViewModel.swift */; };
		17C9CF242A27E12F004BCCC2 /* EasyBuyApp.swift in Sources */ = {isa = PBXBuildFile; fileRef = 17C9CF232A27E12F004BCCC2 /* EasyBuyApp.swift */; };
		17C9CF262A27E12F004BCCC2 /* ContentView.swift in Sources */ = {isa = PBXBuildFile; fileRef = 17C9CF252A27E12F004BCCC2 /* ContentView.swift */; };
		17C9CF282A27E132004BCCC2 /* Assets.xcassets in Resources */ = {isa = PBXBuildFile; fileRef = 17C9CF272A27E132004BCCC2 /* Assets.xcassets */; };
		17C9CF2B2A27E132004BCCC2 /* Preview Assets.xcassets in Resources */ = {isa = PBXBuildFile; fileRef = 17C9CF2A2A27E132004BCCC2 /* Preview Assets.xcassets */; };
		17C9CF2D2A27E132004BCCC2 /* Persistence.swift in Sources */ = {isa = PBXBuildFile; fileRef = 17C9CF2C2A27E132004BCCC2 /* Persistence.swift */; };
		17C9CF302A27E132004BCCC2 /* EasyBuy.xcdatamodeld in Sources */ = {isa = PBXBuildFile; fileRef = 17C9CF2E2A27E132004BCCC2 /* EasyBuy.xcdatamodeld */; };
		17C9CF3A2A27E133004BCCC2 /* EasyBuyTests.swift in Sources */ = {isa = PBXBuildFile; fileRef = 17C9CF392A27E133004BCCC2 /* EasyBuyTests.swift */; };
		17C9CF442A27E133004BCCC2 /* EasyBuyUITests.swift in Sources */ = {isa = PBXBuildFile; fileRef = 17C9CF432A27E133004BCCC2 /* EasyBuyUITests.swift */; };
		17C9CF462A27E133004BCCC2 /* EasyBuyUITestsLaunchTests.swift in Sources */ = {isa = PBXBuildFile; fileRef = 17C9CF452A27E133004BCCC2 /* EasyBuyUITestsLaunchTests.swift */; };
		17C9CF7F2A27E1D3004BCCC2 /* Constants.swift in Sources */ = {isa = PBXBuildFile; fileRef = 17C9CF7E2A27E1D3004BCCC2 /* Constants.swift */; };
		3F02F2A62A29E83E00FDE52E /* NetworkManager.swift in Sources */ = {isa = PBXBuildFile; fileRef = 3F02F2A52A29E83E00FDE52E /* NetworkManager.swift */; };
		3F02F2A82A29EA1A00FDE52E /* NetworkInterceptorProvider.swift in Sources */ = {isa = PBXBuildFile; fileRef = 3F02F2A72A29EA1A00FDE52E /* NetworkInterceptorProvider.swift */; };
		3F02F2B42A29F44700FDE52E /* loading.json in Resources */ = {isa = PBXBuildFile; fileRef = 3F02F2B32A29F44700FDE52E /* loading.json */; };
		3F02F2C42A2BCECA00FDE52E /* schemaAdmin.json in Resources */ = {isa = PBXBuildFile; fileRef = 3F02F2C32A2BCEC900FDE52E /* schemaAdmin.json */; };
		3F02F2D32A2BF59A00FDE52E /* DiscountCodesListViewModel.swift in Sources */ = {isa = PBXBuildFile; fileRef = 3F02F2D22A2BF59A00FDE52E /* DiscountCodesListViewModel.swift */; };
		3F02F2D52A2C03D100FDE52E /* APIAdmin.swift in Sources */ = {isa = PBXBuildFile; fileRef = 3F02F2D42A2C03D100FDE52E /* APIAdmin.swift */; };
		3F02F2E22A2D472E00FDE52E /* FireBaseModels.swift in Sources */ = {isa = PBXBuildFile; fileRef = 3F02F2E12A2D472E00FDE52E /* FireBaseModels.swift */; };
		3F02F2E42A2DECDF00FDE52E /* CodesView.swift in Sources */ = {isa = PBXBuildFile; fileRef = 3F02F2E32A2DECDF00FDE52E /* CodesView.swift */; };
		3F02F2E62A2DECFC00FDE52E /* RedeemedCodesList.swift in Sources */ = {isa = PBXBuildFile; fileRef = 3F02F2E52A2DECFC00FDE52E /* RedeemedCodesList.swift */; };
		3F25A1AE2A31521C009614A8 /* GoogleService-Info.plist in Resources */ = {isa = PBXBuildFile; fileRef = 3F25A1AD2A31521C009614A8 /* GoogleService-Info.plist */; };
		3F25A1B52A3152AD009614A8 /* FireBaseManager.swift in Sources */ = {isa = PBXBuildFile; fileRef = 3F25A1B42A3152AD009614A8 /* FireBaseManager.swift */; };
		3F25A1B72A3152F7009614A8 /* DiscountCodesModel.swift in Sources */ = {isa = PBXBuildFile; fileRef = 3F25A1B62A3152F6009614A8 /* DiscountCodesModel.swift */; };
		3F25A1B92A315332009614A8 /* RedeemedCell.swift in Sources */ = {isa = PBXBuildFile; fileRef = 3F25A1B82A315332009614A8 /* RedeemedCell.swift */; };
		3F25A1BB2A31534F009614A8 /* RedeemedListViewModel.swift in Sources */ = {isa = PBXBuildFile; fileRef = 3F25A1BA2A31534F009614A8 /* RedeemedListViewModel.swift */; };
		3F25A1BF2A315CC3009614A8 /* DraftOrdersModel.swift in Sources */ = {isa = PBXBuildFile; fileRef = 3F25A1BE2A315CC3009614A8 /* DraftOrdersModel.swift */; };
		3F25A1C12A315DE3009614A8 /* DiscounCodeCellViewModel.swift in Sources */ = {isa = PBXBuildFile; fileRef = 3F25A1C02A315DE3009614A8 /* DiscounCodeCellViewModel.swift */; };
		3F25A1C72A316626009614A8 /* API.swift in Sources */ = {isa = PBXBuildFile; fileRef = 3F25A1C62A316626009614A8 /* API.swift */; };
		3F25A1C92A316719009614A8 /* DiscountCodeList.swift in Sources */ = {isa = PBXBuildFile; fileRef = 3F25A1C82A316719009614A8 /* DiscountCodeList.swift */; };
		3F25A1CB2A31681C009614A8 /* DiscountCell.swift in Sources */ = {isa = PBXBuildFile; fileRef = 3F25A1CA2A31681C009614A8 /* DiscountCell.swift */; };
		3FE184422A385329009EBBB3 /* ShopingCartListUIView.swift in Sources */ = {isa = PBXBuildFile; fileRef = 3FE184412A385329009EBBB3 /* ShopingCartListUIView.swift */; };
		3FE184442A385349009EBBB3 /* CartListViewModel.swift in Sources */ = {isa = PBXBuildFile; fileRef = 3FE184432A385349009EBBB3 /* CartListViewModel.swift */; };
		3FFAC2142A379DF200A9F481 /* FirebaseAuth in Frameworks */ = {isa = PBXBuildFile; productRef = 3FFAC2132A379DF200A9F481 /* FirebaseAuth */; };
		3FFAC2162A379DF200A9F481 /* FirebaseFirestore in Frameworks */ = {isa = PBXBuildFile; productRef = 3FFAC2152A379DF200A9F481 /* FirebaseFirestore */; };
		3FFAC2182A379DF200A9F481 /* FirebaseFirestoreSwift in Frameworks */ = {isa = PBXBuildFile; productRef = 3FFAC2172A379DF200A9F481 /* FirebaseFirestoreSwift */; };
		3FFAC21B2A379F6900A9F481 /* Apollo in Frameworks */ = {isa = PBXBuildFile; productRef = 3FFAC21A2A379F6900A9F481 /* Apollo */; };
		3FFAC21E2A37A87D00A9F481 /* Cosmos in Frameworks */ = {isa = PBXBuildFile; productRef = 3FFAC21D2A37A87D00A9F481 /* Cosmos */; };
		3FFAC2212A37A9FB00A9F481 /* IQKeyboardManagerSwift in Frameworks */ = {isa = PBXBuildFile; productRef = 3FFAC2202A37A9FB00A9F481 /* IQKeyboardManagerSwift */; };
		EB7258FD2A37D74B0074747C /* ValidationUtils.swift in Sources */ = {isa = PBXBuildFile; fileRef = EB7258FC2A37D74B0074747C /* ValidationUtils.swift */; };
		EB73E8D52A2BABDD00A9E70B /* LoginView.swift in Sources */ = {isa = PBXBuildFile; fileRef = EB73E8D42A2BABDD00A9E70B /* LoginView.swift */; };
		EB73E8D72A2BACF500A9E70B /* LoginViewModel.swift in Sources */ = {isa = PBXBuildFile; fileRef = EB73E8D62A2BACF500A9E70B /* LoginViewModel.swift */; };
		EB74509D2A37C00000AB8005 /* SearchBar.swift in Sources */ = {isa = PBXBuildFile; fileRef = EB74509C2A37C00000AB8005 /* SearchBar.swift */; };
		EB74509F2A37C02800AB8005 /* SearchView.swift in Sources */ = {isa = PBXBuildFile; fileRef = EB74509E2A37C02800AB8005 /* SearchView.swift */; };
		EB90A61A2A2B384F00295296 /* CreateCustomerResponse.swift in Sources */ = {isa = PBXBuildFile; fileRef = EB90A6192A2B384F00295296 /* CreateCustomerResponse.swift */; };
		EB97BD5A2A2B851100D7016D /* CreateCustomerAccessTokenResponse.swift in Sources */ = {isa = PBXBuildFile; fileRef = EB97BD592A2B851100D7016D /* CreateCustomerAccessTokenResponse.swift */; };
		EB9DF1422A2D445A000EDFDA /* NoAccountView.swift in Sources */ = {isa = PBXBuildFile; fileRef = EB9DF1412A2D445A000EDFDA /* NoAccountView.swift */; };
		EBC6453A2A2C9418000FD6F5 /* ProfileView.swift in Sources */ = {isa = PBXBuildFile; fileRef = EBC645392A2C9418000FD6F5 /* ProfileView.swift */; };
		EBC6453C2A2C947F000FD6F5 /* SettingRowView.swift in Sources */ = {isa = PBXBuildFile; fileRef = EBC6453B2A2C947F000FD6F5 /* SettingRowView.swift */; };
		EBC8D0E42A2AA930006DACFD /* Product.swift in Sources */ = {isa = PBXBuildFile; fileRef = EBC8D0E32A2AA930006DACFD /* Product.swift */; };
		EBC8D0EA2A2AAE0C006DACFD /* ProductDetailsViewModel.swift in Sources */ = {isa = PBXBuildFile; fileRef = EBC8D0E92A2AAE0C006DACFD /* ProductDetailsViewModel.swift */; };
		EBC8D0EC2A2AAF1A006DACFD /* ProductDetailsView.swift in Sources */ = {isa = PBXBuildFile; fileRef = EBC8D0EB2A2AAF1A006DACFD /* ProductDetailsView.swift */; };
		EBC8D0EE2A2AB68A006DACFD /* SwiftUIView.swift in Sources */ = {isa = PBXBuildFile; fileRef = EBC8D0ED2A2AB68A006DACFD /* SwiftUIView.swift */; };
		EBC9D60E2A2CAAEF004E444C /* CustomerDetailsResponse.swift in Sources */ = {isa = PBXBuildFile; fileRef = EBC9D60D2A2CAAEE004E444C /* CustomerDetailsResponse.swift */; };
		EBC9D6102A2CACB9004E444C /* ProfileViewModel.swift in Sources */ = {isa = PBXBuildFile; fileRef = EBC9D60F2A2CACB9004E444C /* ProfileViewModel.swift */; };
		EBCA108B2A2B6B1F00E41C7B /* RegisterationView.swift in Sources */ = {isa = PBXBuildFile; fileRef = EBCA108A2A2B6B1F00E41C7B /* RegisterationView.swift */; };
		EBCA108D2A2B6B8A00E41C7B /* InputView.swift in Sources */ = {isa = PBXBuildFile; fileRef = EBCA108C2A2B6B8A00E41C7B /* InputView.swift */; };
		EBCA108F2A2B6D5D00E41C7B /* RegestrationViewModel.swift in Sources */ = {isa = PBXBuildFile; fileRef = EBCA108E2A2B6D5D00E41C7B /* RegestrationViewModel.swift */; };
		EBCEFB9A2A31D74B00042B62 /* FeaturedImageView.swift in Sources */ = {isa = PBXBuildFile; fileRef = EBCEFB992A31D74B00042B62 /* FeaturedImageView.swift */; };
		EBCEFB9C2A31D77900042B62 /* DescriptionView.swift in Sources */ = {isa = PBXBuildFile; fileRef = EBCEFB9B2A31D77900042B62 /* DescriptionView.swift */; };
		EBCEFB9E2A31D7AD00042B62 /* ProductTitleView.swift in Sources */ = {isa = PBXBuildFile; fileRef = EBCEFB9D2A31D7AD00042B62 /* ProductTitleView.swift */; };
		EBCEFBA02A31D7C900042B62 /* RatingView.swift in Sources */ = {isa = PBXBuildFile; fileRef = EBCEFB9F2A31D7C900042B62 /* RatingView.swift */; };
		EBCEFBA22A31D7F100042B62 /* QuantityView.swift in Sources */ = {isa = PBXBuildFile; fileRef = EBCEFBA12A31D7F100042B62 /* QuantityView.swift */; };
		EBCEFBA42A31D80D00042B62 /* SizesView.swift in Sources */ = {isa = PBXBuildFile; fileRef = EBCEFBA32A31D80D00042B62 /* SizesView.swift */; };
		EBCEFBA62A31D83000042B62 /* AddToCartView.swift in Sources */ = {isa = PBXBuildFile; fileRef = EBCEFBA52A31D83000042B62 /* AddToCartView.swift */; };
		EBCEFBA82A31D85700042B62 /* BackButtonView.swift in Sources */ = {isa = PBXBuildFile; fileRef = EBCEFBA72A31D85700042B62 /* BackButtonView.swift */; };
		EBCEFBAE2A31D8F200042B62 /* ClientReview.swift in Sources */ = {isa = PBXBuildFile; fileRef = EBCEFBAD2A31D8F200042B62 /* ClientReview.swift */; };
		EBCEFBB02A31D90D00042B62 /* ClientReviewViewModel.swift in Sources */ = {isa = PBXBuildFile; fileRef = EBCEFBAF2A31D90D00042B62 /* ClientReviewViewModel.swift */; };
		EBCEFBB22A31D92800042B62 /* ClientReviewCell.swift in Sources */ = {isa = PBXBuildFile; fileRef = EBCEFBB12A31D92800042B62 /* ClientReviewCell.swift */; };
		EBCEFBB42A31D98000042B62 /* ClientReviewListView.swift in Sources */ = {isa = PBXBuildFile; fileRef = EBCEFBB32A31D98000042B62 /* ClientReviewListView.swift */; };
		EBCEFBB72A31D9D500042B62 /* FavoriteAndCartCell.swift in Sources */ = {isa = PBXBuildFile; fileRef = EBCEFBB62A31D9D500042B62 /* FavoriteAndCartCell.swift */; };
		EBCEFBB92A31DA0500042B62 /* FavoriteProductsListView.swift in Sources */ = {isa = PBXBuildFile; fileRef = EBCEFBB82A31DA0500042B62 /* FavoriteProductsListView.swift */; };
/* End PBXBuildFile section */

/* Begin PBXContainerItemProxy section */
		17C9CF362A27E133004BCCC2 /* PBXContainerItemProxy */ = {
			isa = PBXContainerItemProxy;
			containerPortal = 17C9CF182A27E12F004BCCC2 /* Project object */;
			proxyType = 1;
			remoteGlobalIDString = 17C9CF1F2A27E12F004BCCC2;
			remoteInfo = EasyBuy;
		};
		17C9CF402A27E133004BCCC2 /* PBXContainerItemProxy */ = {
			isa = PBXContainerItemProxy;
			containerPortal = 17C9CF182A27E12F004BCCC2 /* Project object */;
			proxyType = 1;
			remoteGlobalIDString = 17C9CF1F2A27E12F004BCCC2;
			remoteInfo = EasyBuy;
		};
/* End PBXContainerItemProxy section */

/* Begin PBXFileReference section */
		144FEAC12A2D0C670088F817 /* SwiftU.swift */ = {isa = PBXFileReference; fileEncoding = 4; lastKnownFileType = sourcecode.swift; path = SwiftU.swift; sourceTree = "<group>"; };
		146520152A2BA479006EC2CA /* Onboarding.swift */ = {isa = PBXFileReference; fileEncoding = 4; lastKnownFileType = sourcecode.swift; path = Onboarding.swift; sourceTree = "<group>"; };
		146520172A2BA4AA006EC2CA /* Intro.swift */ = {isa = PBXFileReference; fileEncoding = 4; lastKnownFileType = sourcecode.swift; path = Intro.swift; sourceTree = "<group>"; };
		146520192A2BBA61006EC2CA /* BrandProducts.swift */ = {isa = PBXFileReference; fileEncoding = 4; lastKnownFileType = sourcecode.swift; path = BrandProducts.swift; sourceTree = "<group>"; };
		148580162A2BEE6800D33591 /* image.swift */ = {isa = PBXFileReference; fileEncoding = 4; lastKnownFileType = sourcecode.swift; path = image.swift; sourceTree = "<group>"; };
		148580182A2C061700D33591 /* BrandViewModel.swift */ = {isa = PBXFileReference; lastKnownFileType = sourcecode.swift; path = BrandViewModel.swift; sourceTree = "<group>"; };
		1486EB7F2A2B9F870029212B /* OpenSans-SemiBold.ttf */ = {isa = PBXFileReference; lastKnownFileType = file; path = "OpenSans-SemiBold.ttf"; sourceTree = "<group>"; };
		1486EB802A2B9F870029212B /* OpenSans-Light.ttf */ = {isa = PBXFileReference; lastKnownFileType = file; path = "OpenSans-Light.ttf"; sourceTree = "<group>"; };
		1486EB812A2B9F870029212B /* OpenSans-ExtraBold.ttf */ = {isa = PBXFileReference; lastKnownFileType = file; path = "OpenSans-ExtraBold.ttf"; sourceTree = "<group>"; };
		1486EB822A2B9F870029212B /* OpenSans-Bold.ttf */ = {isa = PBXFileReference; lastKnownFileType = text; path = "OpenSans-Bold.ttf"; sourceTree = "<group>"; };
		1486EB832A2B9F870029212B /* OpenSans-Regular.ttf */ = {isa = PBXFileReference; lastKnownFileType = file; path = "OpenSans-Regular.ttf"; sourceTree = "<group>"; };
		1486EB892A2B9FB30029212B /* Home.swift */ = {isa = PBXFileReference; fileEncoding = 4; lastKnownFileType = sourcecode.swift; path = Home.swift; sourceTree = "<group>"; };
		1486EB8D2A2B9FF40029212B /* covers.json */ = {isa = PBXFileReference; fileEncoding = 4; lastKnownFileType = text.json; path = covers.json; sourceTree = "<group>"; };
		1486EB8E2A2B9FF40029212B /* brand.json */ = {isa = PBXFileReference; fileEncoding = 4; lastKnownFileType = text.json; path = brand.json; sourceTree = "<group>"; };
		1486EB8F2A2B9FF40029212B /* orders.json */ = {isa = PBXFileReference; fileEncoding = 4; lastKnownFileType = text.json; path = orders.json; sourceTree = "<group>"; };
		1486EB902A2B9FF40029212B /* products.json */ = {isa = PBXFileReference; fileEncoding = 4; lastKnownFileType = text.json; path = products.json; sourceTree = "<group>"; };
		1486EB912A2B9FF40029212B /* Model.swift */ = {isa = PBXFileReference; fileEncoding = 4; lastKnownFileType = sourcecode.swift; path = Model.swift; sourceTree = "<group>"; };
		1486EB922A2B9FF40029212B /* OrderModel.swift */ = {isa = PBXFileReference; fileEncoding = 4; lastKnownFileType = sourcecode.swift; path = OrderModel.swift; sourceTree = "<group>"; };
		1486EB932A2B9FF40029212B /* Products.swift */ = {isa = PBXFileReference; fileEncoding = 4; lastKnownFileType = sourcecode.swift; path = Products.swift; sourceTree = "<group>"; };
		1486EB942A2B9FF40029212B /* CoverImageModel.swift */ = {isa = PBXFileReference; fileEncoding = 4; lastKnownFileType = sourcecode.swift; path = CoverImageModel.swift; sourceTree = "<group>"; };
		1486EB9E2A2BA0F00029212B /* View + partialSheet.swift */ = {isa = PBXFileReference; fileEncoding = 4; lastKnownFileType = sourcecode.swift; path = "View + partialSheet.swift"; sourceTree = "<group>"; };
		1486EB9F2A2BA0F00029212B /* PartialSheet.swift */ = {isa = PBXFileReference; fileEncoding = 4; lastKnownFileType = sourcecode.swift; path = PartialSheet.swift; sourceTree = "<group>"; };
		1486EBA02A2BA0F00029212B /* ImageViewExtension.swift */ = {isa = PBXFileReference; fileEncoding = 4; lastKnownFileType = sourcecode.swift; path = ImageViewExtension.swift; sourceTree = "<group>"; };
		1486EBA12A2BA0F00029212B /* CodableBundleExtension.swift */ = {isa = PBXFileReference; fileEncoding = 4; lastKnownFileType = sourcecode.swift; path = CodableBundleExtension.swift; sourceTree = "<group>"; };
		14AC6C772A37CBE700371D34 /* ProductRow.swift */ = {isa = PBXFileReference; fileEncoding = 4; lastKnownFileType = sourcecode.swift; path = ProductRow.swift; sourceTree = "<group>"; };
		14AC6C792A37CD1100371D34 /* UserDefaults+Extension.swift */ = {isa = PBXFileReference; fileEncoding = 4; lastKnownFileType = sourcecode.swift; path = "UserDefaults+Extension.swift"; sourceTree = "<group>"; };
		14AC6C7D2A37D2DB00371D34 /* OnboardingViewModel.swift */ = {isa = PBXFileReference; fileEncoding = 4; lastKnownFileType = sourcecode.swift; path = OnboardingViewModel.swift; sourceTree = "<group>"; };
		14AC6C7F2A37D37C00371D34 /* APIServices.swift */ = {isa = PBXFileReference; fileEncoding = 4; lastKnownFileType = sourcecode.swift; path = APIServices.swift; sourceTree = "<group>"; };
		14BC9B402A2CE69D00D7FD4B /* Category.swift */ = {isa = PBXFileReference; fileEncoding = 4; lastKnownFileType = sourcecode.swift; path = Category.swift; sourceTree = "<group>"; };
		14BC9B422A2CE6D300D7FD4B /* CategoryViewModel.swift */ = {isa = PBXFileReference; lastKnownFileType = sourcecode.swift; path = CategoryViewModel.swift; sourceTree = "<group>"; };
		14E54EE42A2DA16900635F72 /* error.json */ = {isa = PBXFileReference; fileEncoding = 4; lastKnownFileType = text.json; path = error.json; sourceTree = "<group>"; };
		14E54EE62A2E10B100635F72 /* OrdersView.swift */ = {isa = PBXFileReference; fileEncoding = 4; lastKnownFileType = sourcecode.swift; path = OrdersView.swift; sourceTree = "<group>"; };
		14E54EE82A2E1FA400635F72 /* OrderRow.swift */ = {isa = PBXFileReference; lastKnownFileType = sourcecode.swift; path = OrderRow.swift; sourceTree = "<group>"; };
		14E54EEC2A2E301E00635F72 /* OrdersViewModel.swift */ = {isa = PBXFileReference; lastKnownFileType = sourcecode.swift; path = OrdersViewModel.swift; sourceTree = "<group>"; };
		14E648FE2A2E95F500EB5CC2 /* NoProducts.swift */ = {isa = PBXFileReference; lastKnownFileType = sourcecode.swift; path = NoProducts.swift; sourceTree = "<group>"; };
		14E649002A2E9B0D00EB5CC2 /* OrdersInLine.swift */ = {isa = PBXFileReference; lastKnownFileType = sourcecode.swift; path = OrdersInLine.swift; sourceTree = "<group>"; };
		14F9B2632A2B949B009C2611 /* LineView.swift */ = {isa = PBXFileReference; fileEncoding = 4; lastKnownFileType = sourcecode.swift; path = LineView.swift; sourceTree = "<group>"; };
		14F9B2652A2B94DC009C2611 /* TitleView.swift */ = {isa = PBXFileReference; fileEncoding = 4; lastKnownFileType = sourcecode.swift; path = TitleView.swift; sourceTree = "<group>"; };
		14F9B2672A2B9514009C2611 /* ProductCell.swift */ = {isa = PBXFileReference; fileEncoding = 4; lastKnownFileType = sourcecode.swift; path = ProductCell.swift; sourceTree = "<group>"; };
		14F9B2692A2B9651009C2611 /* ProductCatalog.swift */ = {isa = PBXFileReference; fileEncoding = 4; lastKnownFileType = sourcecode.swift; path = ProductCatalog.swift; sourceTree = "<group>"; };
		14F9B26B2A2B9698009C2611 /* CategoryItemView.swift */ = {isa = PBXFileReference; fileEncoding = 4; lastKnownFileType = sourcecode.swift; path = CategoryItemView.swift; sourceTree = "<group>"; };
		14F9B26D2A2B96D7009C2611 /* CategoryGridView.swift */ = {isa = PBXFileReference; fileEncoding = 4; lastKnownFileType = sourcecode.swift; path = CategoryGridView.swift; sourceTree = "<group>"; };
		14F9B26F2A2B9733009C2611 /* RatingBlock.swift */ = {isa = PBXFileReference; fileEncoding = 4; lastKnownFileType = sourcecode.swift; path = RatingBlock.swift; sourceTree = "<group>"; };
		14F9B2712A2B9760009C2611 /* SectionView.swift */ = {isa = PBXFileReference; fileEncoding = 4; lastKnownFileType = sourcecode.swift; path = SectionView.swift; sourceTree = "<group>"; };
		14F9B2732A2B9783009C2611 /* LogoView.swift */ = {isa = PBXFileReference; fileEncoding = 4; lastKnownFileType = sourcecode.swift; path = LogoView.swift; sourceTree = "<group>"; };
		14F9B2752A2B97A1009C2611 /* NavigationBarView.swift */ = {isa = PBXFileReference; fileEncoding = 4; lastKnownFileType = sourcecode.swift; path = NavigationBarView.swift; sourceTree = "<group>"; };
		14F9B2772A2B97BF009C2611 /* CustomCurveShape.swift */ = {isa = PBXFileReference; fileEncoding = 4; lastKnownFileType = sourcecode.swift; path = CustomCurveShape.swift; sourceTree = "<group>"; };
		14F9B2792A2B97DF009C2611 /* MotionAnimationView.swift */ = {isa = PBXFileReference; fileEncoding = 4; lastKnownFileType = sourcecode.swift; path = MotionAnimationView.swift; sourceTree = "<group>"; };
		14F9B27B2A2B980B009C2611 /* CoverImageView.swift */ = {isa = PBXFileReference; fileEncoding = 4; lastKnownFileType = sourcecode.swift; path = CoverImageView.swift; sourceTree = "<group>"; };
		14F9B27D2A2B9831009C2611 /* Tags.swift */ = {isa = PBXFileReference; fileEncoding = 4; lastKnownFileType = sourcecode.swift; path = Tags.swift; sourceTree = "<group>"; };
		14F9B2822A2B9B25009C2611 /* BaseView.swift */ = {isa = PBXFileReference; fileEncoding = 4; lastKnownFileType = sourcecode.swift; path = BaseView.swift; sourceTree = "<group>"; };
		14F9B2842A2B9B38009C2611 /* BaseViewModel.swift */ = {isa = PBXFileReference; fileEncoding = 4; lastKnownFileType = sourcecode.swift; path = BaseViewModel.swift; sourceTree = "<group>"; };
		171B14D82A28996C00851C67 /* NetworkReachability.swift */ = {isa = PBXFileReference; lastKnownFileType = sourcecode.swift; path = NetworkReachability.swift; sourceTree = "<group>"; };
		171B15162A28FC7F00851C67 /* NetworkService.swift */ = {isa = PBXFileReference; lastKnownFileType = sourcecode.swift; path = NetworkService.swift; sourceTree = "<group>"; };
		171B151D2A28FCCF00851C67 /* HomeViewModel.swift */ = {isa = PBXFileReference; lastKnownFileType = sourcecode.swift; path = HomeViewModel.swift; sourceTree = "<group>"; };
		17C9CF202A27E12F004BCCC2 /* EasyBuy.app */ = {isa = PBXFileReference; explicitFileType = wrapper.application; includeInIndex = 0; path = EasyBuy.app; sourceTree = BUILT_PRODUCTS_DIR; };
		17C9CF232A27E12F004BCCC2 /* EasyBuyApp.swift */ = {isa = PBXFileReference; lastKnownFileType = sourcecode.swift; path = EasyBuyApp.swift; sourceTree = "<group>"; };
		17C9CF252A27E12F004BCCC2 /* ContentView.swift */ = {isa = PBXFileReference; lastKnownFileType = sourcecode.swift; path = ContentView.swift; sourceTree = "<group>"; };
		17C9CF272A27E132004BCCC2 /* Assets.xcassets */ = {isa = PBXFileReference; lastKnownFileType = folder.assetcatalog; path = Assets.xcassets; sourceTree = "<group>"; };
		17C9CF2A2A27E132004BCCC2 /* Preview Assets.xcassets */ = {isa = PBXFileReference; lastKnownFileType = folder.assetcatalog; path = "Preview Assets.xcassets"; sourceTree = "<group>"; };
		17C9CF2C2A27E132004BCCC2 /* Persistence.swift */ = {isa = PBXFileReference; lastKnownFileType = sourcecode.swift; path = Persistence.swift; sourceTree = "<group>"; };
		17C9CF2F2A27E132004BCCC2 /* EasyBuy.xcdatamodel */ = {isa = PBXFileReference; lastKnownFileType = wrapper.xcdatamodel; path = EasyBuy.xcdatamodel; sourceTree = "<group>"; };
		17C9CF352A27E133004BCCC2 /* EasyBuyTests.xctest */ = {isa = PBXFileReference; explicitFileType = wrapper.cfbundle; includeInIndex = 0; path = EasyBuyTests.xctest; sourceTree = BUILT_PRODUCTS_DIR; };
		17C9CF392A27E133004BCCC2 /* EasyBuyTests.swift */ = {isa = PBXFileReference; lastKnownFileType = sourcecode.swift; path = EasyBuyTests.swift; sourceTree = "<group>"; };
		17C9CF3F2A27E133004BCCC2 /* EasyBuyUITests.xctest */ = {isa = PBXFileReference; explicitFileType = wrapper.cfbundle; includeInIndex = 0; path = EasyBuyUITests.xctest; sourceTree = BUILT_PRODUCTS_DIR; };
		17C9CF432A27E133004BCCC2 /* EasyBuyUITests.swift */ = {isa = PBXFileReference; lastKnownFileType = sourcecode.swift; path = EasyBuyUITests.swift; sourceTree = "<group>"; };
		17C9CF452A27E133004BCCC2 /* EasyBuyUITestsLaunchTests.swift */ = {isa = PBXFileReference; lastKnownFileType = sourcecode.swift; path = EasyBuyUITestsLaunchTests.swift; sourceTree = "<group>"; };
		17C9CF7E2A27E1D3004BCCC2 /* Constants.swift */ = {isa = PBXFileReference; lastKnownFileType = sourcecode.swift; path = Constants.swift; sourceTree = "<group>"; };
		3F02F2A52A29E83E00FDE52E /* NetworkManager.swift */ = {isa = PBXFileReference; lastKnownFileType = sourcecode.swift; path = NetworkManager.swift; sourceTree = "<group>"; };
		3F02F2A72A29EA1A00FDE52E /* NetworkInterceptorProvider.swift */ = {isa = PBXFileReference; lastKnownFileType = sourcecode.swift; path = NetworkInterceptorProvider.swift; sourceTree = "<group>"; };
		3F02F2AA2A29EBCE00FDE52E /* StoreFront.graphql */ = {isa = PBXFileReference; lastKnownFileType = text; path = StoreFront.graphql; sourceTree = "<group>"; };
		3F02F2AC2A29EC1400FDE52E /* Admin.graphql */ = {isa = PBXFileReference; lastKnownFileType = text; path = Admin.graphql; sourceTree = "<group>"; };
		3F02F2AE2A29EC4C00FDE52E /* schema.json */ = {isa = PBXFileReference; lastKnownFileType = text.json; path = schema.json; sourceTree = "<group>"; };
		3F02F2B32A29F44700FDE52E /* loading.json */ = {isa = PBXFileReference; fileEncoding = 4; lastKnownFileType = text.json; path = loading.json; sourceTree = "<group>"; };
		3F02F2C32A2BCEC900FDE52E /* schemaAdmin.json */ = {isa = PBXFileReference; fileEncoding = 4; lastKnownFileType = text.json; path = schemaAdmin.json; sourceTree = "<group>"; };
		3F02F2D22A2BF59A00FDE52E /* DiscountCodesListViewModel.swift */ = {isa = PBXFileReference; lastKnownFileType = sourcecode.swift; path = DiscountCodesListViewModel.swift; sourceTree = "<group>"; };
		3F02F2D42A2C03D100FDE52E /* APIAdmin.swift */ = {isa = PBXFileReference; fileEncoding = 4; lastKnownFileType = sourcecode.swift; path = APIAdmin.swift; sourceTree = "<group>"; };
		3F02F2E12A2D472E00FDE52E /* FireBaseModels.swift */ = {isa = PBXFileReference; lastKnownFileType = sourcecode.swift; path = FireBaseModels.swift; sourceTree = "<group>"; };
		3F02F2E32A2DECDF00FDE52E /* CodesView.swift */ = {isa = PBXFileReference; lastKnownFileType = sourcecode.swift; path = CodesView.swift; sourceTree = "<group>"; };
		3F02F2E52A2DECFC00FDE52E /* RedeemedCodesList.swift */ = {isa = PBXFileReference; lastKnownFileType = sourcecode.swift; path = RedeemedCodesList.swift; sourceTree = "<group>"; };
		3F25A1AD2A31521C009614A8 /* GoogleService-Info.plist */ = {isa = PBXFileReference; fileEncoding = 4; lastKnownFileType = text.plist.xml; path = "GoogleService-Info.plist"; sourceTree = "<group>"; };
		3F25A1B42A3152AD009614A8 /* FireBaseManager.swift */ = {isa = PBXFileReference; fileEncoding = 4; lastKnownFileType = sourcecode.swift; path = FireBaseManager.swift; sourceTree = "<group>"; };
		3F25A1B62A3152F6009614A8 /* DiscountCodesModel.swift */ = {isa = PBXFileReference; fileEncoding = 4; lastKnownFileType = sourcecode.swift; path = DiscountCodesModel.swift; sourceTree = "<group>"; };
		3F25A1B82A315332009614A8 /* RedeemedCell.swift */ = {isa = PBXFileReference; fileEncoding = 4; lastKnownFileType = sourcecode.swift; path = RedeemedCell.swift; sourceTree = "<group>"; };
		3F25A1BA2A31534F009614A8 /* RedeemedListViewModel.swift */ = {isa = PBXFileReference; fileEncoding = 4; lastKnownFileType = sourcecode.swift; path = RedeemedListViewModel.swift; sourceTree = "<group>"; };
		3F25A1BE2A315CC3009614A8 /* DraftOrdersModel.swift */ = {isa = PBXFileReference; lastKnownFileType = sourcecode.swift; path = DraftOrdersModel.swift; sourceTree = "<group>"; };
		3F25A1C02A315DE3009614A8 /* DiscounCodeCellViewModel.swift */ = {isa = PBXFileReference; lastKnownFileType = sourcecode.swift; path = DiscounCodeCellViewModel.swift; sourceTree = "<group>"; };
		3F25A1C62A316626009614A8 /* API.swift */ = {isa = PBXFileReference; lastKnownFileType = sourcecode.swift; path = API.swift; sourceTree = "<group>"; };
		3F25A1C82A316719009614A8 /* DiscountCodeList.swift */ = {isa = PBXFileReference; lastKnownFileType = sourcecode.swift; path = DiscountCodeList.swift; sourceTree = "<group>"; };
		3F25A1CA2A31681C009614A8 /* DiscountCell.swift */ = {isa = PBXFileReference; lastKnownFileType = sourcecode.swift; path = DiscountCell.swift; sourceTree = "<group>"; };
		3FE184412A385329009EBBB3 /* ShopingCartListUIView.swift */ = {isa = PBXFileReference; lastKnownFileType = sourcecode.swift; path = ShopingCartListUIView.swift; sourceTree = "<group>"; };
		3FE184432A385349009EBBB3 /* CartListViewModel.swift */ = {isa = PBXFileReference; lastKnownFileType = sourcecode.swift; path = CartListViewModel.swift; sourceTree = "<group>"; };
		EB7258FC2A37D74B0074747C /* ValidationUtils.swift */ = {isa = PBXFileReference; lastKnownFileType = sourcecode.swift; path = ValidationUtils.swift; sourceTree = "<group>"; };
		EB73E8D42A2BABDD00A9E70B /* LoginView.swift */ = {isa = PBXFileReference; lastKnownFileType = sourcecode.swift; path = LoginView.swift; sourceTree = "<group>"; };
		EB73E8D62A2BACF500A9E70B /* LoginViewModel.swift */ = {isa = PBXFileReference; lastKnownFileType = sourcecode.swift; path = LoginViewModel.swift; sourceTree = "<group>"; };
		EB74509C2A37C00000AB8005 /* SearchBar.swift */ = {isa = PBXFileReference; lastKnownFileType = sourcecode.swift; path = SearchBar.swift; sourceTree = "<group>"; };
		EB74509E2A37C02800AB8005 /* SearchView.swift */ = {isa = PBXFileReference; lastKnownFileType = sourcecode.swift; path = SearchView.swift; sourceTree = "<group>"; };
		EB90A6192A2B384F00295296 /* CreateCustomerResponse.swift */ = {isa = PBXFileReference; lastKnownFileType = sourcecode.swift; path = CreateCustomerResponse.swift; sourceTree = "<group>"; };
		EB97BD592A2B851100D7016D /* CreateCustomerAccessTokenResponse.swift */ = {isa = PBXFileReference; lastKnownFileType = sourcecode.swift; path = CreateCustomerAccessTokenResponse.swift; sourceTree = "<group>"; };
		EB9DF1412A2D445A000EDFDA /* NoAccountView.swift */ = {isa = PBXFileReference; lastKnownFileType = sourcecode.swift; path = NoAccountView.swift; sourceTree = "<group>"; };
		EBC645392A2C9418000FD6F5 /* ProfileView.swift */ = {isa = PBXFileReference; lastKnownFileType = sourcecode.swift; path = ProfileView.swift; sourceTree = "<group>"; };
		EBC6453B2A2C947F000FD6F5 /* SettingRowView.swift */ = {isa = PBXFileReference; lastKnownFileType = sourcecode.swift; path = SettingRowView.swift; sourceTree = "<group>"; };
		EBC8D0E32A2AA930006DACFD /* Product.swift */ = {isa = PBXFileReference; lastKnownFileType = sourcecode.swift; path = Product.swift; sourceTree = "<group>"; };
		EBC8D0E92A2AAE0C006DACFD /* ProductDetailsViewModel.swift */ = {isa = PBXFileReference; lastKnownFileType = sourcecode.swift; path = ProductDetailsViewModel.swift; sourceTree = "<group>"; };
		EBC8D0EB2A2AAF1A006DACFD /* ProductDetailsView.swift */ = {isa = PBXFileReference; lastKnownFileType = sourcecode.swift; path = ProductDetailsView.swift; sourceTree = "<group>"; };
		EBC8D0ED2A2AB68A006DACFD /* SwiftUIView.swift */ = {isa = PBXFileReference; lastKnownFileType = sourcecode.swift; path = SwiftUIView.swift; sourceTree = "<group>"; };
		EBC9D60D2A2CAAEE004E444C /* CustomerDetailsResponse.swift */ = {isa = PBXFileReference; lastKnownFileType = sourcecode.swift; path = CustomerDetailsResponse.swift; sourceTree = "<group>"; };
		EBC9D60F2A2CACB9004E444C /* ProfileViewModel.swift */ = {isa = PBXFileReference; lastKnownFileType = sourcecode.swift; path = ProfileViewModel.swift; sourceTree = "<group>"; };
		EBCA108A2A2B6B1F00E41C7B /* RegisterationView.swift */ = {isa = PBXFileReference; lastKnownFileType = sourcecode.swift; path = RegisterationView.swift; sourceTree = "<group>"; };
		EBCA108C2A2B6B8A00E41C7B /* InputView.swift */ = {isa = PBXFileReference; lastKnownFileType = sourcecode.swift; path = InputView.swift; sourceTree = "<group>"; };
		EBCA108E2A2B6D5D00E41C7B /* RegestrationViewModel.swift */ = {isa = PBXFileReference; lastKnownFileType = sourcecode.swift; path = RegestrationViewModel.swift; sourceTree = "<group>"; };
		EBCEFB992A31D74B00042B62 /* FeaturedImageView.swift */ = {isa = PBXFileReference; lastKnownFileType = sourcecode.swift; path = FeaturedImageView.swift; sourceTree = "<group>"; };
		EBCEFB9B2A31D77900042B62 /* DescriptionView.swift */ = {isa = PBXFileReference; lastKnownFileType = sourcecode.swift; path = DescriptionView.swift; sourceTree = "<group>"; };
		EBCEFB9D2A31D7AD00042B62 /* ProductTitleView.swift */ = {isa = PBXFileReference; lastKnownFileType = sourcecode.swift; path = ProductTitleView.swift; sourceTree = "<group>"; };
		EBCEFB9F2A31D7C900042B62 /* RatingView.swift */ = {isa = PBXFileReference; lastKnownFileType = sourcecode.swift; path = RatingView.swift; sourceTree = "<group>"; };
		EBCEFBA12A31D7F100042B62 /* QuantityView.swift */ = {isa = PBXFileReference; lastKnownFileType = sourcecode.swift; path = QuantityView.swift; sourceTree = "<group>"; };
		EBCEFBA32A31D80D00042B62 /* SizesView.swift */ = {isa = PBXFileReference; lastKnownFileType = sourcecode.swift; path = SizesView.swift; sourceTree = "<group>"; };
		EBCEFBA52A31D83000042B62 /* AddToCartView.swift */ = {isa = PBXFileReference; lastKnownFileType = sourcecode.swift; path = AddToCartView.swift; sourceTree = "<group>"; };
		EBCEFBA72A31D85700042B62 /* BackButtonView.swift */ = {isa = PBXFileReference; lastKnownFileType = sourcecode.swift; path = BackButtonView.swift; sourceTree = "<group>"; };
		EBCEFBAD2A31D8F200042B62 /* ClientReview.swift */ = {isa = PBXFileReference; lastKnownFileType = sourcecode.swift; path = ClientReview.swift; sourceTree = "<group>"; };
		EBCEFBAF2A31D90D00042B62 /* ClientReviewViewModel.swift */ = {isa = PBXFileReference; lastKnownFileType = sourcecode.swift; path = ClientReviewViewModel.swift; sourceTree = "<group>"; };
		EBCEFBB12A31D92800042B62 /* ClientReviewCell.swift */ = {isa = PBXFileReference; lastKnownFileType = sourcecode.swift; path = ClientReviewCell.swift; sourceTree = "<group>"; };
		EBCEFBB32A31D98000042B62 /* ClientReviewListView.swift */ = {isa = PBXFileReference; lastKnownFileType = sourcecode.swift; path = ClientReviewListView.swift; sourceTree = "<group>"; };
		EBCEFBB62A31D9D500042B62 /* FavoriteAndCartCell.swift */ = {isa = PBXFileReference; lastKnownFileType = sourcecode.swift; name = FavoriteAndCartCell.swift; path = EasyBuy/Presentation/ClientReviews/Views/FavoriteAndCartCell.swift; sourceTree = SOURCE_ROOT; };
		EBCEFBB82A31DA0500042B62 /* FavoriteProductsListView.swift */ = {isa = PBXFileReference; lastKnownFileType = sourcecode.swift; path = FavoriteProductsListView.swift; sourceTree = "<group>"; };
/* End PBXFileReference section */

/* Begin PBXFrameworksBuildPhase section */
		17C9CF1D2A27E12F004BCCC2 /* Frameworks */ = {
			isa = PBXFrameworksBuildPhase;
			buildActionMask = 2147483647;
			files = (
				171B14DF2A28A34200851C67 /* Alamofire in Frameworks */,
				3FFAC2142A379DF200A9F481 /* FirebaseAuth in Frameworks */,
				3FFAC21E2A37A87D00A9F481 /* Cosmos in Frameworks */,
				171B14DC2A28A23E00851C67 /* Kingfisher in Frameworks */,
				3FFAC2182A379DF200A9F481 /* FirebaseFirestoreSwift in Frameworks */,
				3FFAC2212A37A9FB00A9F481 /* IQKeyboardManagerSwift in Frameworks */,
				3FFAC21B2A379F6900A9F481 /* Apollo in Frameworks */,
				171B14D42A2891B900851C67 /* Lottie in Frameworks */,
				3FFAC2162A379DF200A9F481 /* FirebaseFirestore in Frameworks */,
			);
			runOnlyForDeploymentPostprocessing = 0;
		};
		17C9CF322A27E133004BCCC2 /* Frameworks */ = {
			isa = PBXFrameworksBuildPhase;
			buildActionMask = 2147483647;
			files = (
			);
			runOnlyForDeploymentPostprocessing = 0;
		};
		17C9CF3C2A27E133004BCCC2 /* Frameworks */ = {
			isa = PBXFrameworksBuildPhase;
			buildActionMask = 2147483647;
			files = (
			);
			runOnlyForDeploymentPostprocessing = 0;
		};
/* End PBXFrameworksBuildPhase section */

/* Begin PBXGroup section */
		1486EB7E2A2B9F870029212B /* Fonts */ = {
			isa = PBXGroup;
			children = (
				1486EB7F2A2B9F870029212B /* OpenSans-SemiBold.ttf */,
				1486EB802A2B9F870029212B /* OpenSans-Light.ttf */,
				1486EB812A2B9F870029212B /* OpenSans-ExtraBold.ttf */,
				1486EB822A2B9F870029212B /* OpenSans-Bold.ttf */,
				1486EB832A2B9F870029212B /* OpenSans-Regular.ttf */,
			);
			path = Fonts;
			sourceTree = "<group>";
		};
		1486EB8B2A2B9FF40029212B /* model */ = {
			isa = PBXGroup;
			children = (
				1486EB8C2A2B9FF40029212B /* jsons */,
				1486EB912A2B9FF40029212B /* Model.swift */,
				146520172A2BA4AA006EC2CA /* Intro.swift */,
				1486EB922A2B9FF40029212B /* OrderModel.swift */,
				1486EB932A2B9FF40029212B /* Products.swift */,
				1486EB942A2B9FF40029212B /* CoverImageModel.swift */,
			);
			path = model;
			sourceTree = "<group>";
		};
		1486EB8C2A2B9FF40029212B /* jsons */ = {
			isa = PBXGroup;
			children = (
				1486EB8D2A2B9FF40029212B /* covers.json */,
				1486EB8E2A2B9FF40029212B /* brand.json */,
				1486EB8F2A2B9FF40029212B /* orders.json */,
				1486EB902A2B9FF40029212B /* products.json */,
			);
			path = jsons;
			sourceTree = "<group>";
		};
		1486EB9D2A2BA0F00029212B /* Extension */ = {
			isa = PBXGroup;
			children = (
				14AC6C792A37CD1100371D34 /* UserDefaults+Extension.swift */,
				1486EB9E2A2BA0F00029212B /* View + partialSheet.swift */,
				1486EB9F2A2BA0F00029212B /* PartialSheet.swift */,
				144FEAC12A2D0C670088F817 /* SwiftU.swift */,
				1486EBA02A2BA0F00029212B /* ImageViewExtension.swift */,
				1486EBA12A2BA0F00029212B /* CodableBundleExtension.swift */,
			);
			path = Extension;
			sourceTree = "<group>";
		};
		14F9B2602A2B943F009C2611 /* Views */ = {
			isa = PBXGroup;
			children = (
				14AC6C772A37CBE700371D34 /* ProductRow.swift */,
				14F9B2672A2B9514009C2611 /* ProductCell.swift */,
				14E54EE82A2E1FA400635F72 /* OrderRow.swift */,
				14F9B27D2A2B9831009C2611 /* Tags.swift */,
				14F9B27B2A2B980B009C2611 /* CoverImageView.swift */,
				14F9B2792A2B97DF009C2611 /* MotionAnimationView.swift */,
				14F9B2772A2B97BF009C2611 /* CustomCurveShape.swift */,
				14F9B2752A2B97A1009C2611 /* NavigationBarView.swift */,
				14F9B2732A2B9783009C2611 /* LogoView.swift */,
				14F9B2712A2B9760009C2611 /* SectionView.swift */,
				14F9B26F2A2B9733009C2611 /* RatingBlock.swift */,
				14F9B26D2A2B96D7009C2611 /* CategoryGridView.swift */,
				14F9B26B2A2B9698009C2611 /* CategoryItemView.swift */,
				14F9B2692A2B9651009C2611 /* ProductCatalog.swift */,
				14F9B2652A2B94DC009C2611 /* TitleView.swift */,
				14F9B2632A2B949B009C2611 /* LineView.swift */,
				148580162A2BEE6800D33591 /* image.swift */,
				14E648FE2A2E95F500EB5CC2 /* NoProducts.swift */,
				14E649002A2E9B0D00EB5CC2 /* OrdersInLine.swift */,
			);
			path = Views;
			sourceTree = "<group>";
		};
		171B15142A28FC5900851C67 /* Remote */ = {
			isa = PBXGroup;
			children = (
				171B15162A28FC7F00851C67 /* NetworkService.swift */,
			);
			path = Remote;
			sourceTree = "<group>";
		};
		171B15152A28FC6600851C67 /* Models */ = {
			isa = PBXGroup;
			children = (
			);
			path = Models;
			sourceTree = "<group>";
		};
		171B151A2A28FC9900851C67 /* Presentation */ = {
			isa = PBXGroup;
			children = (
				EB74509B2A37BFED00AB8005 /* Search */,
				3FE1843D2A38525D009EBBB3 /* Shoping Cart */,
				EBCEFBB52A31D9B700042B62 /* FavoriteProducts */,
				EBCEFBA92A31D8A300042B62 /* ClientReviews */,
				EBC645352A2C93DD000FD6F5 /* Profile */,
				EB73E8D02A2BAB5700A9E70B /* Login */,
				EB90A6162A2B382100295296 /* Regesteration */,
				3F02F2C82A2BE73B00FDE52E /* DicoutCodes */,
				EBC8D0E52A2AAC22006DACFD /* ProductDetails */,
				171B151B2A28FCB900851C67 /* Home */,
			);
			path = Presentation;
			sourceTree = "<group>";
		};
		171B151B2A28FCB900851C67 /* Home */ = {
			isa = PBXGroup;
			children = (
				146520152A2BA479006EC2CA /* Onboarding.swift */,
				14BC9B402A2CE69D00D7FD4B /* Category.swift */,
				1486EB892A2B9FB30029212B /* Home.swift */,
				146520192A2BBA61006EC2CA /* BrandProducts.swift */,
				14F9B2822A2B9B25009C2611 /* BaseView.swift */,
				14E54EE62A2E10B100635F72 /* OrdersView.swift */,
				1486EB8B2A2B9FF40029212B /* model */,
				14F9B2602A2B943F009C2611 /* Views */,
				171B151C2A28FCC100851C67 /* ViewModels */,
			);
			path = Home;
			sourceTree = "<group>";
		};
		171B151C2A28FCC100851C67 /* ViewModels */ = {
			isa = PBXGroup;
			children = (
				14BC9B422A2CE6D300D7FD4B /* CategoryViewModel.swift */,
				14E54EEC2A2E301E00635F72 /* OrdersViewModel.swift */,
				14AC6C7D2A37D2DB00371D34 /* OnboardingViewModel.swift */,
				14F9B2842A2B9B38009C2611 /* BaseViewModel.swift */,
				171B151D2A28FCCF00851C67 /* HomeViewModel.swift */,
				148580182A2C061700D33591 /* BrandViewModel.swift */,
			);
			path = ViewModels;
			sourceTree = "<group>";
		};
		17C9CF172A27E12F004BCCC2 = {
			isa = PBXGroup;
			children = (
				17C9CF222A27E12F004BCCC2 /* EasyBuy */,
				17C9CF382A27E133004BCCC2 /* EasyBuyTests */,
				17C9CF422A27E133004BCCC2 /* EasyBuyUITests */,
				17C9CF212A27E12F004BCCC2 /* Products */,
			);
			sourceTree = "<group>";
		};
		17C9CF212A27E12F004BCCC2 /* Products */ = {
			isa = PBXGroup;
			children = (
				17C9CF202A27E12F004BCCC2 /* EasyBuy.app */,
				17C9CF352A27E133004BCCC2 /* EasyBuyTests.xctest */,
				17C9CF3F2A27E133004BCCC2 /* EasyBuyUITests.xctest */,
			);
			name = Products;
			sourceTree = "<group>";
		};
		17C9CF222A27E12F004BCCC2 /* EasyBuy */ = {
			isa = PBXGroup;
			children = (
				3F25A1AD2A31521C009614A8 /* GoogleService-Info.plist */,
				3F02F2D42A2C03D100FDE52E /* APIAdmin.swift */,
				3F25A1C62A316626009614A8 /* API.swift */,
				17C9CF232A27E12F004BCCC2 /* EasyBuyApp.swift */,
				3F02F2C32A2BCEC900FDE52E /* schemaAdmin.json */,
				3F02F2AE2A29EC4C00FDE52E /* schema.json */,
				3F02F2AA2A29EBCE00FDE52E /* StoreFront.graphql */,
				3F02F2AC2A29EC1400FDE52E /* Admin.graphql */,
				17C9CF252A27E12F004BCCC2 /* ContentView.swift */,
				17C9CF7A2A27E186004BCCC2 /* App */,
				17C9CF802A27E28C004BCCC2 /* Data */,
				171B151A2A28FC9900851C67 /* Presentation */,
			);
			path = EasyBuy;
			sourceTree = "<group>";
		};
		17C9CF292A27E132004BCCC2 /* Preview Content */ = {
			isa = PBXGroup;
			children = (
				17C9CF2A2A27E132004BCCC2 /* Preview Assets.xcassets */,
			);
			path = "Preview Content";
			sourceTree = "<group>";
		};
		17C9CF382A27E133004BCCC2 /* EasyBuyTests */ = {
			isa = PBXGroup;
			children = (
				17C9CF392A27E133004BCCC2 /* EasyBuyTests.swift */,
			);
			path = EasyBuyTests;
			sourceTree = "<group>";
		};
		17C9CF422A27E133004BCCC2 /* EasyBuyUITests */ = {
			isa = PBXGroup;
			children = (
				17C9CF432A27E133004BCCC2 /* EasyBuyUITests.swift */,
				17C9CF452A27E133004BCCC2 /* EasyBuyUITestsLaunchTests.swift */,
			);
			path = EasyBuyUITests;
			sourceTree = "<group>";
		};
		17C9CF7A2A27E186004BCCC2 /* App */ = {
			isa = PBXGroup;
			children = (
				17C9CF7D2A27E1C3004BCCC2 /* Assets */,
				17C9CF7C2A27E1BA004BCCC2 /* Utils */,
			);
			path = App;
			sourceTree = "<group>";
		};
		17C9CF7C2A27E1BA004BCCC2 /* Utils */ = {
			isa = PBXGroup;
			children = (
				1486EB9D2A2BA0F00029212B /* Extension */,
				17C9CF7E2A27E1D3004BCCC2 /* Constants.swift */,
				171B14D82A28996C00851C67 /* NetworkReachability.swift */,
				EB7258FC2A37D74B0074747C /* ValidationUtils.swift */,
			);
			path = Utils;
			sourceTree = "<group>";
		};
		17C9CF7D2A27E1C3004BCCC2 /* Assets */ = {
			isa = PBXGroup;
			children = (
				17C9CF272A27E132004BCCC2 /* Assets.xcassets */,
				1486EB7E2A2B9F870029212B /* Fonts */,
				3F02F2B22A29F35A00FDE52E /* LottieFiles */,
				17C9CF292A27E132004BCCC2 /* Preview Content */,
			);
			path = Assets;
			sourceTree = "<group>";
		};
		17C9CF802A27E28C004BCCC2 /* Data */ = {
			isa = PBXGroup;
			children = (
				3F25A1B32A31529A009614A8 /* FireBase */,
				3F02F2A42A29E7E800FDE52E /* Network */,
				17C9CF832A27E2AD004BCCC2 /* Local */,
				171B15142A28FC5900851C67 /* Remote */,
				171B15152A28FC6600851C67 /* Models */,
			);
			path = Data;
			sourceTree = "<group>";
		};
		17C9CF832A27E2AD004BCCC2 /* Local */ = {
			isa = PBXGroup;
			children = (
				17C9CF2C2A27E132004BCCC2 /* Persistence.swift */,
				17C9CF2E2A27E132004BCCC2 /* EasyBuy.xcdatamodeld */,
			);
			path = Local;
			sourceTree = "<group>";
		};
		3F02F2A42A29E7E800FDE52E /* Network */ = {
			isa = PBXGroup;
			children = (
				14AC6C7F2A37D37C00371D34 /* APIServices.swift */,
				EB95F9DA2A2B5EF8007C7177 /* GraphQl */,
				3F02F2A52A29E83E00FDE52E /* NetworkManager.swift */,
				3F02F2A72A29EA1A00FDE52E /* NetworkInterceptorProvider.swift */,
			);
			path = Network;
			sourceTree = "<group>";
		};
		3F02F2B22A29F35A00FDE52E /* LottieFiles */ = {
			isa = PBXGroup;
			children = (
				14E54EE42A2DA16900635F72 /* error.json */,
				3F02F2B32A29F44700FDE52E /* loading.json */,
			);
			path = LottieFiles;
			sourceTree = "<group>";
		};
		3F02F2C82A2BE73B00FDE52E /* DicoutCodes */ = {
			isa = PBXGroup;
			children = (
				3F02F2CF2A2BEC3C00FDE52E /* Models */,
				3F02F2C92A2BE74800FDE52E /* Views */,
				3F02F2CA2A2BE74E00FDE52E /* ViewModels */,
			);
			path = DicoutCodes;
			sourceTree = "<group>";
		};
		3F02F2C92A2BE74800FDE52E /* Views */ = {
			isa = PBXGroup;
			children = (
				3F02F2E32A2DECDF00FDE52E /* CodesView.swift */,
				3F02F2E52A2DECFC00FDE52E /* RedeemedCodesList.swift */,
				3F25A1B82A315332009614A8 /* RedeemedCell.swift */,
				3F25A1C82A316719009614A8 /* DiscountCodeList.swift */,
				3F25A1CA2A31681C009614A8 /* DiscountCell.swift */,
			);
			path = Views;
			sourceTree = "<group>";
		};
		3F02F2CA2A2BE74E00FDE52E /* ViewModels */ = {
			isa = PBXGroup;
			children = (
				3F02F2D22A2BF59A00FDE52E /* DiscountCodesListViewModel.swift */,
				3F25A1BA2A31534F009614A8 /* RedeemedListViewModel.swift */,
				3F25A1C02A315DE3009614A8 /* DiscounCodeCellViewModel.swift */,
			);
			path = ViewModels;
			sourceTree = "<group>";
		};
		3F02F2CF2A2BEC3C00FDE52E /* Models */ = {
			isa = PBXGroup;
			children = (
				3F02F2E12A2D472E00FDE52E /* FireBaseModels.swift */,
				3F25A1B62A3152F6009614A8 /* DiscountCodesModel.swift */,
			);
			path = Models;
			sourceTree = "<group>";
		};
		3F25A1B32A31529A009614A8 /* FireBase */ = {
			isa = PBXGroup;
			children = (
				3F25A1B42A3152AD009614A8 /* FireBaseManager.swift */,
			);
			path = FireBase;
			sourceTree = "<group>";
		};
		3FE1843D2A38525D009EBBB3 /* Shoping Cart */ = {
			isa = PBXGroup;
			children = (
				3FE184402A385282009EBBB3 /* Models */,
				3FE1843F2A385277009EBBB3 /* ViewModels */,
				3FE1843E2A38526E009EBBB3 /* Views */,
			);
			path = "Shoping Cart";
			sourceTree = "<group>";
		};
		3FE1843E2A38526E009EBBB3 /* Views */ = {
			isa = PBXGroup;
			children = (
				3FE184412A385329009EBBB3 /* ShopingCartListUIView.swift */,
			);
			path = Views;
			sourceTree = "<group>";
		};
		3FE1843F2A385277009EBBB3 /* ViewModels */ = {
			isa = PBXGroup;
			children = (
				3FE184432A385349009EBBB3 /* CartListViewModel.swift */,
			);
			path = ViewModels;
			sourceTree = "<group>";
		};
		3FE184402A385282009EBBB3 /* Models */ = {
			isa = PBXGroup;
			children = (
				3F25A1BE2A315CC3009614A8 /* DraftOrdersModel.swift */,
			);
			path = Models;
			sourceTree = "<group>";
		};
		EB73E8D02A2BAB5700A9E70B /* Login */ = {
			isa = PBXGroup;
			children = (
				EB73E8D32A2BAB6400A9E70B /* Models */,
				EB73E8D22A2BAB6200A9E70B /* Views */,
				EB73E8D12A2BAB6000A9E70B /* ViewModels */,
			);
			path = Login;
			sourceTree = "<group>";
		};
		EB73E8D12A2BAB6000A9E70B /* ViewModels */ = {
			isa = PBXGroup;
			children = (
				EB73E8D62A2BACF500A9E70B /* LoginViewModel.swift */,
			);
			path = ViewModels;
			sourceTree = "<group>";
		};
		EB73E8D22A2BAB6200A9E70B /* Views */ = {
			isa = PBXGroup;
			children = (
				EB73E8D42A2BABDD00A9E70B /* LoginView.swift */,
			);
			path = Views;
			sourceTree = "<group>";
		};
		EB73E8D32A2BAB6400A9E70B /* Models */ = {
			isa = PBXGroup;
			children = (
				EB97BD592A2B851100D7016D /* CreateCustomerAccessTokenResponse.swift */,
			);
			path = Models;
			sourceTree = "<group>";
		};
		EB74509B2A37BFED00AB8005 /* Search */ = {
			isa = PBXGroup;
			children = (
				EB74509C2A37C00000AB8005 /* SearchBar.swift */,
				EB74509E2A37C02800AB8005 /* SearchView.swift */,
			);
			path = Search;
			sourceTree = "<group>";
		};
		EB90A6162A2B382100295296 /* Regesteration */ = {
			isa = PBXGroup;
			children = (
				EBCA10892A2B6ACE00E41C7B /* Models */,
				EBCA10882A2B6ACC00E41C7B /* Views */,
				EBCA10872A2B6AC900E41C7B /* ViewModels */,
			);
			path = Regesteration;
			sourceTree = "<group>";
		};
		EB95F9DA2A2B5EF8007C7177 /* GraphQl */ = {
			isa = PBXGroup;
			children = (
			);
			path = GraphQl;
			sourceTree = "<group>";
		};
		EBC645352A2C93DD000FD6F5 /* Profile */ = {
			isa = PBXGroup;
			children = (
				EBC645382A2C93EA000FD6F5 /* Models */,
				EBC645372A2C93E9000FD6F5 /* Views */,
				EBC645362A2C93E7000FD6F5 /* ViewModels */,
			);
			path = Profile;
			sourceTree = "<group>";
		};
		EBC645362A2C93E7000FD6F5 /* ViewModels */ = {
			isa = PBXGroup;
			children = (
				EBC9D60F2A2CACB9004E444C /* ProfileViewModel.swift */,
			);
			path = ViewModels;
			sourceTree = "<group>";
		};
		EBC645372A2C93E9000FD6F5 /* Views */ = {
			isa = PBXGroup;
			children = (
				EBC645392A2C9418000FD6F5 /* ProfileView.swift */,
				EBC6453B2A2C947F000FD6F5 /* SettingRowView.swift */,
				EB9DF1412A2D445A000EDFDA /* NoAccountView.swift */,
			);
			path = Views;
			sourceTree = "<group>";
		};
		EBC645382A2C93EA000FD6F5 /* Models */ = {
			isa = PBXGroup;
			children = (
				EBC9D60D2A2CAAEE004E444C /* CustomerDetailsResponse.swift */,
			);
			path = Models;
			sourceTree = "<group>";
		};
		EBC8D0E52A2AAC22006DACFD /* ProductDetails */ = {
			isa = PBXGroup;
			children = (
				EBC8D0E82A2AAC7E006DACFD /* Models */,
				EBC8D0E72A2AAC7C006DACFD /* Views */,
				EBC8D0E62A2AAC79006DACFD /* ViewModels */,
			);
			path = ProductDetails;
			sourceTree = "<group>";
		};
		EBC8D0E62A2AAC79006DACFD /* ViewModels */ = {
			isa = PBXGroup;
			children = (
				EBC8D0E92A2AAE0C006DACFD /* ProductDetailsViewModel.swift */,
			);
			path = ViewModels;
			sourceTree = "<group>";
		};
		EBC8D0E72A2AAC7C006DACFD /* Views */ = {
			isa = PBXGroup;
			children = (
				EBCEFB982A31D72700042B62 /* Subviews */,
				EBC8D0EB2A2AAF1A006DACFD /* ProductDetailsView.swift */,
				EBC8D0ED2A2AB68A006DACFD /* SwiftUIView.swift */,
			);
			path = Views;
			sourceTree = "<group>";
		};
		EBC8D0E82A2AAC7E006DACFD /* Models */ = {
			isa = PBXGroup;
			children = (
				EBC8D0E32A2AA930006DACFD /* Product.swift */,
			);
			path = Models;
			sourceTree = "<group>";
		};
		EBCA10872A2B6AC900E41C7B /* ViewModels */ = {
			isa = PBXGroup;
			children = (
				EBCA108E2A2B6D5D00E41C7B /* RegestrationViewModel.swift */,
			);
			path = ViewModels;
			sourceTree = "<group>";
		};
		EBCA10882A2B6ACC00E41C7B /* Views */ = {
			isa = PBXGroup;
			children = (
				EBCA108A2A2B6B1F00E41C7B /* RegisterationView.swift */,
				EBCA108C2A2B6B8A00E41C7B /* InputView.swift */,
			);
			path = Views;
			sourceTree = "<group>";
		};
		EBCA10892A2B6ACE00E41C7B /* Models */ = {
			isa = PBXGroup;
			children = (
				EB90A6192A2B384F00295296 /* CreateCustomerResponse.swift */,
			);
			path = Models;
			sourceTree = "<group>";
		};
		EBCEFB982A31D72700042B62 /* Subviews */ = {
			isa = PBXGroup;
			children = (
				EBCEFB992A31D74B00042B62 /* FeaturedImageView.swift */,
				EBCEFB9B2A31D77900042B62 /* DescriptionView.swift */,
				EBCEFB9D2A31D7AD00042B62 /* ProductTitleView.swift */,
				EBCEFB9F2A31D7C900042B62 /* RatingView.swift */,
				EBCEFBA12A31D7F100042B62 /* QuantityView.swift */,
				EBCEFBA32A31D80D00042B62 /* SizesView.swift */,
				EBCEFBA52A31D83000042B62 /* AddToCartView.swift */,
				EBCEFBA72A31D85700042B62 /* BackButtonView.swift */,
			);
			path = Subviews;
			sourceTree = "<group>";
		};
		EBCEFBA92A31D8A300042B62 /* ClientReviews */ = {
			isa = PBXGroup;
			children = (
				EBCEFBAC2A31D8BB00042B62 /* Models */,
				EBCEFBAB2A31D8B900042B62 /* Views */,
				EBCEFBAA2A31D8B700042B62 /* ViewModels */,
			);
			path = ClientReviews;
			sourceTree = "<group>";
		};
		EBCEFBAA2A31D8B700042B62 /* ViewModels */ = {
			isa = PBXGroup;
			children = (
				EBCEFBAF2A31D90D00042B62 /* ClientReviewViewModel.swift */,
			);
			path = ViewModels;
			sourceTree = "<group>";
		};
		EBCEFBAB2A31D8B900042B62 /* Views */ = {
			isa = PBXGroup;
			children = (
				EBCEFBB12A31D92800042B62 /* ClientReviewCell.swift */,
				EBCEFBB32A31D98000042B62 /* ClientReviewListView.swift */,
			);
			path = Views;
			sourceTree = "<group>";
		};
		EBCEFBAC2A31D8BB00042B62 /* Models */ = {
			isa = PBXGroup;
			children = (
				EBCEFBAD2A31D8F200042B62 /* ClientReview.swift */,
			);
			path = Models;
			sourceTree = "<group>";
		};
		EBCEFBB52A31D9B700042B62 /* FavoriteProducts */ = {
			isa = PBXGroup;
			children = (
				EBCEFBB62A31D9D500042B62 /* FavoriteAndCartCell.swift */,
				EBCEFBB82A31DA0500042B62 /* FavoriteProductsListView.swift */,
			);
			path = FavoriteProducts;
			sourceTree = "<group>";
		};
/* End PBXGroup section */

/* Begin PBXNativeTarget section */
		17C9CF1F2A27E12F004BCCC2 /* EasyBuy */ = {
			isa = PBXNativeTarget;
			buildConfigurationList = 17C9CF492A27E133004BCCC2 /* Build configuration list for PBXNativeTarget "EasyBuy" */;
			buildPhases = (
				3F02F2C72A2BD27100FDE52E /* ShellScript */,
				3F02F2AF2A29EC8400FDE52E /* ShellScript */,
				17C9CF1C2A27E12F004BCCC2 /* Sources */,
				17C9CF1D2A27E12F004BCCC2 /* Frameworks */,
				17C9CF1E2A27E12F004BCCC2 /* Resources */,
			);
			buildRules = (
			);
			dependencies = (
			);
			name = EasyBuy;
			packageProductDependencies = (
				171B14D32A2891B900851C67 /* Lottie */,
				171B14DB2A28A23E00851C67 /* Kingfisher */,
				171B14DE2A28A34200851C67 /* Alamofire */,
				3FFAC2132A379DF200A9F481 /* FirebaseAuth */,
				3FFAC2152A379DF200A9F481 /* FirebaseFirestore */,
				3FFAC2172A379DF200A9F481 /* FirebaseFirestoreSwift */,
				3FFAC21A2A379F6900A9F481 /* Apollo */,
				3FFAC21D2A37A87D00A9F481 /* Cosmos */,
				3FFAC2202A37A9FB00A9F481 /* IQKeyboardManagerSwift */,
			);
			productName = EasyBuy;
			productReference = 17C9CF202A27E12F004BCCC2 /* EasyBuy.app */;
			productType = "com.apple.product-type.application";
		};
		17C9CF342A27E133004BCCC2 /* EasyBuyTests */ = {
			isa = PBXNativeTarget;
			buildConfigurationList = 17C9CF4C2A27E133004BCCC2 /* Build configuration list for PBXNativeTarget "EasyBuyTests" */;
			buildPhases = (
				9C14D142273BDD27FB6FB853 /* [CP] Check Pods Manifest.lock */,
				17C9CF312A27E133004BCCC2 /* Sources */,
				17C9CF322A27E133004BCCC2 /* Frameworks */,
				17C9CF332A27E133004BCCC2 /* Resources */,
			);
			buildRules = (
			);
			dependencies = (
				17C9CF372A27E133004BCCC2 /* PBXTargetDependency */,
			);
			name = EasyBuyTests;
			productName = EasyBuyTests;
			productReference = 17C9CF352A27E133004BCCC2 /* EasyBuyTests.xctest */;
			productType = "com.apple.product-type.bundle.unit-test";
		};
		17C9CF3E2A27E133004BCCC2 /* EasyBuyUITests */ = {
			isa = PBXNativeTarget;
			buildConfigurationList = 17C9CF4F2A27E133004BCCC2 /* Build configuration list for PBXNativeTarget "EasyBuyUITests" */;
			buildPhases = (
				6B8DADBC560C94CF015B8CFE /* [CP] Check Pods Manifest.lock */,
				17C9CF3B2A27E133004BCCC2 /* Sources */,
				17C9CF3C2A27E133004BCCC2 /* Frameworks */,
				17C9CF3D2A27E133004BCCC2 /* Resources */,
			);
			buildRules = (
			);
			dependencies = (
				17C9CF412A27E133004BCCC2 /* PBXTargetDependency */,
			);
			name = EasyBuyUITests;
			productName = EasyBuyUITests;
			productReference = 17C9CF3F2A27E133004BCCC2 /* EasyBuyUITests.xctest */;
			productType = "com.apple.product-type.bundle.ui-testing";
		};
/* End PBXNativeTarget section */

/* Begin PBXProject section */
		17C9CF182A27E12F004BCCC2 /* Project object */ = {
			isa = PBXProject;
			attributes = {
				BuildIndependentTargetsInParallel = 1;
				LastSwiftUpdateCheck = 1420;
				LastUpgradeCheck = 1420;
				TargetAttributes = {
					17C9CF1F2A27E12F004BCCC2 = {
						CreatedOnToolsVersion = 14.2;
					};
					17C9CF342A27E133004BCCC2 = {
						CreatedOnToolsVersion = 14.2;
						TestTargetID = 17C9CF1F2A27E12F004BCCC2;
					};
					17C9CF3E2A27E133004BCCC2 = {
						CreatedOnToolsVersion = 14.2;
						TestTargetID = 17C9CF1F2A27E12F004BCCC2;
					};
				};
			};
			buildConfigurationList = 17C9CF1B2A27E12F004BCCC2 /* Build configuration list for PBXProject "EasyBuy" */;
			compatibilityVersion = "Xcode 14.0";
			developmentRegion = en;
			hasScannedForEncodings = 0;
			knownRegions = (
				en,
				Base,
			);
			mainGroup = 17C9CF172A27E12F004BCCC2;
			packageReferences = (
				171B14D22A2891B900851C67 /* XCRemoteSwiftPackageReference "lottie-ios" */,
				171B14DA2A28A23E00851C67 /* XCRemoteSwiftPackageReference "Kingfisher" */,
				171B14DD2A28A34200851C67 /* XCRemoteSwiftPackageReference "Alamofire" */,
				3FFAC2122A379DF200A9F481 /* XCRemoteSwiftPackageReference "firebase-ios-sdk" */,
				3FFAC2192A379F6900A9F481 /* XCRemoteSwiftPackageReference "apollo-ios" */,
				3FFAC21C2A37A87D00A9F481 /* XCRemoteSwiftPackageReference "Cosmos" */,
				3FFAC21F2A37A9FB00A9F481 /* XCRemoteSwiftPackageReference "IQKeyboardManager" */,
			);
			productRefGroup = 17C9CF212A27E12F004BCCC2 /* Products */;
			projectDirPath = "";
			projectRoot = "";
			targets = (
				17C9CF1F2A27E12F004BCCC2 /* EasyBuy */,
				17C9CF342A27E133004BCCC2 /* EasyBuyTests */,
				17C9CF3E2A27E133004BCCC2 /* EasyBuyUITests */,
			);
		};
/* End PBXProject section */

/* Begin PBXResourcesBuildPhase section */
		17C9CF1E2A27E12F004BCCC2 /* Resources */ = {
			isa = PBXResourcesBuildPhase;
			buildActionMask = 2147483647;
			files = (
				1486EB842A2B9F870029212B /* OpenSans-SemiBold.ttf in Resources */,
				1486EB962A2B9FF40029212B /* brand.json in Resources */,
				3F25A1AE2A31521C009614A8 /* GoogleService-Info.plist in Resources */,
				1486EB872A2B9F870029212B /* OpenSans-Bold.ttf in Resources */,
				17C9CF2B2A27E132004BCCC2 /* Preview Assets.xcassets in Resources */,
				17C9CF282A27E132004BCCC2 /* Assets.xcassets in Resources */,
				1486EB952A2B9FF40029212B /* covers.json in Resources */,
				1486EB852A2B9F870029212B /* OpenSans-Light.ttf in Resources */,
				14E54EE52A2DA16A00635F72 /* error.json in Resources */,
				1486EB972A2B9FF40029212B /* orders.json in Resources */,
				3F02F2C42A2BCECA00FDE52E /* schemaAdmin.json in Resources */,
				3F02F2B42A29F44700FDE52E /* loading.json in Resources */,
				1486EB982A2B9FF40029212B /* products.json in Resources */,
				1486EB882A2B9F870029212B /* OpenSans-Regular.ttf in Resources */,
				1486EB862A2B9F870029212B /* OpenSans-ExtraBold.ttf in Resources */,
			);
			runOnlyForDeploymentPostprocessing = 0;
		};
		17C9CF332A27E133004BCCC2 /* Resources */ = {
			isa = PBXResourcesBuildPhase;
			buildActionMask = 2147483647;
			files = (
			);
			runOnlyForDeploymentPostprocessing = 0;
		};
		17C9CF3D2A27E133004BCCC2 /* Resources */ = {
			isa = PBXResourcesBuildPhase;
			buildActionMask = 2147483647;
			files = (
			);
			runOnlyForDeploymentPostprocessing = 0;
		};
/* End PBXResourcesBuildPhase section */

/* Begin PBXShellScriptBuildPhase section */
		3F02F2AF2A29EC8400FDE52E /* ShellScript */ = {
			isa = PBXShellScriptBuildPhase;
			buildActionMask = 8;
			files = (
			);
			inputFileListPaths = (
			);
			inputPaths = (
			);
			outputFileListPaths = (
			);
			outputPaths = (
			);
			runOnlyForDeploymentPostprocessing = 1;
			shellPath = /bin/sh;
			shellScript = "# Type a script or drag a script file from your workspace to insert its path.\nSCRIPT_PATH=\"${PODS_ROOT}/Apollo/scripts\"\ncd \"${SRCROOT}/${TARGET_NAME}\"\n\"${SCRIPT_PATH}\"/run-bundled-codegen.sh codegen:generate --target=swift --includes=./**/StoreFront.graphql --localSchemaFile=\"schema.json\" API.swift\n\n";
		};
		3F02F2C72A2BD27100FDE52E /* ShellScript */ = {
			isa = PBXShellScriptBuildPhase;
			buildActionMask = 8;
			files = (
			);
			inputFileListPaths = (
			);
			inputPaths = (
			);
			outputFileListPaths = (
			);
			outputPaths = (
			);
			runOnlyForDeploymentPostprocessing = 1;
			shellPath = /bin/sh;
			shellScript = "# Type a script or drag a script file from your workspace to insert its path.\nSCRIPT_PATH=\"${PODS_ROOT}/Apollo/scripts\"\ncd \"${SRCROOT}/${TARGET_NAME}\"\n\"${SCRIPT_PATH}\"/run-bundled-codegen.sh codegen:generate --target=swift --includes=./**/Admin.graphql --localSchemaFile=\"schemaAdmin.json\" APIAdmin.swift\n\n";
		};
		6B8DADBC560C94CF015B8CFE /* [CP] Check Pods Manifest.lock */ = {
			isa = PBXShellScriptBuildPhase;
			buildActionMask = 2147483647;
			files = (
			);
			inputFileListPaths = (
			);
			inputPaths = (
				"${PODS_PODFILE_DIR_PATH}/Podfile.lock",
				"${PODS_ROOT}/Manifest.lock",
			);
			name = "[CP] Check Pods Manifest.lock";
			outputFileListPaths = (
			);
			outputPaths = (
				"$(DERIVED_FILE_DIR)/Pods-EasyBuy-EasyBuyUITests-checkManifestLockResult.txt",
			);
			runOnlyForDeploymentPostprocessing = 0;
			shellPath = /bin/sh;
			shellScript = "diff \"${PODS_PODFILE_DIR_PATH}/Podfile.lock\" \"${PODS_ROOT}/Manifest.lock\" > /dev/null\nif [ $? != 0 ] ; then\n    # print error to STDERR\n    echo \"error: The sandbox is not in sync with the Podfile.lock. Run 'pod install' or update your CocoaPods installation.\" >&2\n    exit 1\nfi\n# This output is used by Xcode 'outputs' to avoid re-running this script phase.\necho \"SUCCESS\" > \"${SCRIPT_OUTPUT_FILE_0}\"\n";
			showEnvVarsInLog = 0;
		};
		9C14D142273BDD27FB6FB853 /* [CP] Check Pods Manifest.lock */ = {
			isa = PBXShellScriptBuildPhase;
			buildActionMask = 2147483647;
			files = (
			);
			inputFileListPaths = (
			);
			inputPaths = (
				"${PODS_PODFILE_DIR_PATH}/Podfile.lock",
				"${PODS_ROOT}/Manifest.lock",
			);
			name = "[CP] Check Pods Manifest.lock";
			outputFileListPaths = (
			);
			outputPaths = (
				"$(DERIVED_FILE_DIR)/Pods-EasyBuyTests-checkManifestLockResult.txt",
			);
			runOnlyForDeploymentPostprocessing = 0;
			shellPath = /bin/sh;
			shellScript = "diff \"${PODS_PODFILE_DIR_PATH}/Podfile.lock\" \"${PODS_ROOT}/Manifest.lock\" > /dev/null\nif [ $? != 0 ] ; then\n    # print error to STDERR\n    echo \"error: The sandbox is not in sync with the Podfile.lock. Run 'pod install' or update your CocoaPods installation.\" >&2\n    exit 1\nfi\n# This output is used by Xcode 'outputs' to avoid re-running this script phase.\necho \"SUCCESS\" > \"${SCRIPT_OUTPUT_FILE_0}\"\n";
			showEnvVarsInLog = 0;
		};
/* End PBXShellScriptBuildPhase section */

/* Begin PBXSourcesBuildPhase section */
		17C9CF1C2A27E12F004BCCC2 /* Sources */ = {
			isa = PBXSourcesBuildPhase;
			buildActionMask = 2147483647;
			files = (
				14E54EE72A2E10B100635F72 /* OrdersView.swift in Sources */,
				144FEAC22A2D0C670088F817 /* SwiftU.swift in Sources */,
				14F9B26C2A2B9699009C2611 /* CategoryItemView.swift in Sources */,
				EBCEFBA02A31D7C900042B62 /* RatingView.swift in Sources */,
				14AC6C7A2A37CD1100371D34 /* UserDefaults+Extension.swift in Sources */,
				EBCEFBA22A31D7F100042B62 /* QuantityView.swift in Sources */,
				EB9DF1422A2D445A000EDFDA /* NoAccountView.swift in Sources */,
				14E54EED2A2E301E00635F72 /* OrdersViewModel.swift in Sources */,
				EB90A61A2A2B384F00295296 /* CreateCustomerResponse.swift in Sources */,
				EBC6453A2A2C9418000FD6F5 /* ProfileView.swift in Sources */,
				EBCEFB9C2A31D77900042B62 /* DescriptionView.swift in Sources */,
				17C9CF7F2A27E1D3004BCCC2 /* Constants.swift in Sources */,
				EBCEFBA42A31D80D00042B62 /* SizesView.swift in Sources */,
				14F9B26A2A2B9651009C2611 /* ProductCatalog.swift in Sources */,
				14F9B2852A2B9B38009C2611 /* BaseViewModel.swift in Sources */,
				3F25A1BF2A315CC3009614A8 /* DraftOrdersModel.swift in Sources */,
				EBCEFBB22A31D92800042B62 /* ClientReviewCell.swift in Sources */,
				14F9B27A2A2B97DF009C2611 /* MotionAnimationView.swift in Sources */,
				3F25A1B52A3152AD009614A8 /* FireBaseManager.swift in Sources */,
				3F25A1C92A316719009614A8 /* DiscountCodeList.swift in Sources */,
				3F25A1B72A3152F7009614A8 /* DiscountCodesModel.swift in Sources */,
				EBC8D0EE2A2AB68A006DACFD /* SwiftUIView.swift in Sources */,
				EBC8D0E42A2AA930006DACFD /* Product.swift in Sources */,
				3FE184442A385349009EBBB3 /* CartListViewModel.swift in Sources */,
				171B151E2A28FCCF00851C67 /* HomeViewModel.swift in Sources */,
				3FE184422A385329009EBBB3 /* ShopingCartListUIView.swift in Sources */,
				14E648FF2A2E95F500EB5CC2 /* NoProducts.swift in Sources */,
				EBCEFB9E2A31D7AD00042B62 /* ProductTitleView.swift in Sources */,
				14AC6C802A37D37C00371D34 /* APIServices.swift in Sources */,
				EB73E8D52A2BABDD00A9E70B /* LoginView.swift in Sources */,
				3F25A1CB2A31681C009614A8 /* DiscountCell.swift in Sources */,
				1465201A2A2BBA61006EC2CA /* BrandProducts.swift in Sources */,
				1486EBA22A2BA0F10029212B /* View + partialSheet.swift in Sources */,
				EBC8D0E42A2AA930006DACFD /* Product.swift in Sources */,
				EBCEFB9A2A31D74B00042B62 /* FeaturedImageView.swift in Sources */,
				14AC6C7E2A37D2DC00371D34 /* OnboardingViewModel.swift in Sources */,
				171B151E2A28FCCF00851C67 /* HomeViewModel.swift in Sources */,
				148580172A2BEE6800D33591 /* image.swift in Sources */,
				3F25A1B92A315332009614A8 /* RedeemedCell.swift in Sources */,
				14AC6C782A37CBE700371D34 /* ProductRow.swift in Sources */,
				14F9B27E2A2B9832009C2611 /* Tags.swift in Sources */,
				3F02F2D32A2BF59A00FDE52E /* DiscountCodesListViewModel.swift in Sources */,
				EBCEFBAE2A31D8F200042B62 /* ClientReview.swift in Sources */,
				EBCEFBA62A31D83000042B62 /* AddToCartView.swift in Sources */,
				EBC8D0E42A2AA930006DACFD /* Product.swift in Sources */,
				EBCEFBB72A31D9D500042B62 /* FavoriteAndCartCell.swift in Sources */,
				EB74509F2A37C02800AB8005 /* SearchView.swift in Sources */,
				171B151E2A28FCCF00851C67 /* HomeViewModel.swift in Sources */,
				17C9CF2D2A27E132004BCCC2 /* Persistence.swift in Sources */,
				14F9B2782A2B97BF009C2611 /* CustomCurveShape.swift in Sources */,
				3F25A1BB2A31534F009614A8 /* RedeemedListViewModel.swift in Sources */,
				148580192A2C061700D33591 /* BrandViewModel.swift in Sources */,
				17C9CF262A27E12F004BCCC2 /* ContentView.swift in Sources */,
				3F25A1C72A316626009614A8 /* API.swift in Sources */,
				EB74509D2A37C00000AB8005 /* SearchBar.swift in Sources */,
				EBCA108B2A2B6B1F00E41C7B /* RegisterationView.swift in Sources */,
				EB73E8D72A2BACF500A9E70B /* LoginViewModel.swift in Sources */,
				14BC9B412A2CE69D00D7FD4B /* Category.swift in Sources */,
				1486EB9B2A2B9FF40029212B /* Products.swift in Sources */,
				14F9B2762A2B97A1009C2611 /* NavigationBarView.swift in Sources */,
				1486EB9C2A2B9FF40029212B /* CoverImageModel.swift in Sources */,
				17C9CF262A27E12F004BCCC2 /* ContentView.swift in Sources */,
				14BC9B432A2CE6D300D7FD4B /* CategoryViewModel.swift in Sources */,
				EBC9D60E2A2CAAEF004E444C /* CustomerDetailsResponse.swift in Sources */,
				EBCEFBA82A31D85700042B62 /* BackButtonView.swift in Sources */,
				EBC6453C2A2C947F000FD6F5 /* SettingRowView.swift in Sources */,
				3F02F2E62A2DECFC00FDE52E /* RedeemedCodesList.swift in Sources */,
				3F02F2A62A29E83E00FDE52E /* NetworkManager.swift in Sources */,
				3F25A1C12A315DE3009614A8 /* DiscounCodeCellViewModel.swift in Sources */,
				1486EBA42A2BA0F10029212B /* ImageViewExtension.swift in Sources */,
				EBCEFBB42A31D98000042B62 /* ClientReviewListView.swift in Sources */,
				EBC8D0EC2A2AAF1A006DACFD /* ProductDetailsView.swift in Sources */,
				17C9CF302A27E132004BCCC2 /* EasyBuy.xcdatamodeld in Sources */,
				EBCA108D2A2B6B8A00E41C7B /* InputView.swift in Sources */,
				EBC8D0EA2A2AAE0C006DACFD /* ProductDetailsViewModel.swift in Sources */,
				3F02F2A82A29EA1A00FDE52E /* NetworkInterceptorProvider.swift in Sources */,
				EB97BD5A2A2B851100D7016D /* CreateCustomerAccessTokenResponse.swift in Sources */,
				EBCA108F2A2B6D5D00E41C7B /* RegestrationViewModel.swift in Sources */,
				1486EBA52A2BA0F10029212B /* CodableBundleExtension.swift in Sources */,
				146520182A2BA4AB006EC2CA /* Intro.swift in Sources */,
				14F9B2702A2B9733009C2611 /* RatingBlock.swift in Sources */,
				14F9B2742A2B9783009C2611 /* LogoView.swift in Sources */,
				14F9B2642A2B949B009C2611 /* LineView.swift in Sources */,
				EBC8D0EA2A2AAE0C006DACFD /* ProductDetailsViewModel.swift in Sources */,
				3F02F2A82A29EA1A00FDE52E /* NetworkInterceptorProvider.swift in Sources */,
				14F9B26E2A2B96D7009C2611 /* CategoryGridView.swift in Sources */,
				1486EB992A2B9FF40029212B /* Model.swift in Sources */,
				1486EB8A2A2B9FB30029212B /* Home.swift in Sources */,
				1486EBA32A2BA0F10029212B /* PartialSheet.swift in Sources */,
				17C9CF242A27E12F004BCCC2 /* EasyBuyApp.swift in Sources */,
				14F9B2662A2B94DD009C2611 /* TitleView.swift in Sources */,
				14F9B27C2A2B980B009C2611 /* CoverImageView.swift in Sources */,
				14F9B2722A2B9760009C2611 /* SectionView.swift in Sources */,
				14F9B2682A2B9514009C2611 /* ProductCell.swift in Sources */,
				EBCEFBB02A31D90D00042B62 /* ClientReviewViewModel.swift in Sources */,
				14F9B2832A2B9B25009C2611 /* BaseView.swift in Sources */,
				EBCEFBB92A31DA0500042B62 /* FavoriteProductsListView.swift in Sources */,
				146520162A2BA479006EC2CA /* Onboarding.swift in Sources */,
				171B14D92A28996C00851C67 /* NetworkReachability.swift in Sources */,
				1486EB9A2A2B9FF40029212B /* OrderModel.swift in Sources */,
				EB7258FD2A37D74B0074747C /* ValidationUtils.swift in Sources */,
				14E54EE92A2E1FA500635F72 /* OrderRow.swift in Sources */,
				171B15172A28FC7F00851C67 /* NetworkService.swift in Sources */,
				14E649012A2E9B0D00EB5CC2 /* OrdersInLine.swift in Sources */,
				EBC9D6102A2CACB9004E444C /* ProfileViewModel.swift in Sources */,
				3F02F2E22A2D472E00FDE52E /* FireBaseModels.swift in Sources */,
				171B15172A28FC7F00851C67 /* NetworkService.swift in Sources */,
				3F02F2D52A2C03D100FDE52E /* APIAdmin.swift in Sources */,
				3F02F2E42A2DECDF00FDE52E /* CodesView.swift in Sources */,
			);
			runOnlyForDeploymentPostprocessing = 0;
		};
		17C9CF312A27E133004BCCC2 /* Sources */ = {
			isa = PBXSourcesBuildPhase;
			buildActionMask = 2147483647;
			files = (
				17C9CF3A2A27E133004BCCC2 /* EasyBuyTests.swift in Sources */,
			);
			runOnlyForDeploymentPostprocessing = 0;
		};
		17C9CF3B2A27E133004BCCC2 /* Sources */ = {
			isa = PBXSourcesBuildPhase;
			buildActionMask = 2147483647;
			files = (
				17C9CF442A27E133004BCCC2 /* EasyBuyUITests.swift in Sources */,
				17C9CF462A27E133004BCCC2 /* EasyBuyUITestsLaunchTests.swift in Sources */,
			);
			runOnlyForDeploymentPostprocessing = 0;
		};
/* End PBXSourcesBuildPhase section */

/* Begin PBXTargetDependency section */
		17C9CF372A27E133004BCCC2 /* PBXTargetDependency */ = {
			isa = PBXTargetDependency;
			target = 17C9CF1F2A27E12F004BCCC2 /* EasyBuy */;
			targetProxy = 17C9CF362A27E133004BCCC2 /* PBXContainerItemProxy */;
		};
		17C9CF412A27E133004BCCC2 /* PBXTargetDependency */ = {
			isa = PBXTargetDependency;
			target = 17C9CF1F2A27E12F004BCCC2 /* EasyBuy */;
			targetProxy = 17C9CF402A27E133004BCCC2 /* PBXContainerItemProxy */;
		};
/* End PBXTargetDependency section */

/* Begin XCBuildConfiguration section */
		17C9CF472A27E133004BCCC2 /* Debug */ = {
			isa = XCBuildConfiguration;
			buildSettings = {
				ALWAYS_SEARCH_USER_PATHS = NO;
				CLANG_ANALYZER_NONNULL = YES;
				CLANG_ANALYZER_NUMBER_OBJECT_CONVERSION = YES_AGGRESSIVE;
				CLANG_CXX_LANGUAGE_STANDARD = "gnu++20";
				CLANG_ENABLE_MODULES = YES;
				CLANG_ENABLE_OBJC_ARC = YES;
				CLANG_ENABLE_OBJC_WEAK = YES;
				CLANG_WARN_BLOCK_CAPTURE_AUTORELEASING = YES;
				CLANG_WARN_BOOL_CONVERSION = YES;
				CLANG_WARN_COMMA = YES;
				CLANG_WARN_CONSTANT_CONVERSION = YES;
				CLANG_WARN_DEPRECATED_OBJC_IMPLEMENTATIONS = YES;
				CLANG_WARN_DIRECT_OBJC_ISA_USAGE = YES_ERROR;
				CLANG_WARN_DOCUMENTATION_COMMENTS = YES;
				CLANG_WARN_EMPTY_BODY = YES;
				CLANG_WARN_ENUM_CONVERSION = YES;
				CLANG_WARN_INFINITE_RECURSION = YES;
				CLANG_WARN_INT_CONVERSION = YES;
				CLANG_WARN_NON_LITERAL_NULL_CONVERSION = YES;
				CLANG_WARN_OBJC_IMPLICIT_RETAIN_SELF = YES;
				CLANG_WARN_OBJC_LITERAL_CONVERSION = YES;
				CLANG_WARN_OBJC_ROOT_CLASS = YES_ERROR;
				CLANG_WARN_QUOTED_INCLUDE_IN_FRAMEWORK_HEADER = YES;
				CLANG_WARN_RANGE_LOOP_ANALYSIS = YES;
				CLANG_WARN_STRICT_PROTOTYPES = YES;
				CLANG_WARN_SUSPICIOUS_MOVE = YES;
				CLANG_WARN_UNGUARDED_AVAILABILITY = YES_AGGRESSIVE;
				CLANG_WARN_UNREACHABLE_CODE = YES;
				CLANG_WARN__DUPLICATE_METHOD_MATCH = YES;
				COPY_PHASE_STRIP = NO;
				DEBUG_INFORMATION_FORMAT = dwarf;
				ENABLE_STRICT_OBJC_MSGSEND = YES;
				ENABLE_TESTABILITY = YES;
				GCC_C_LANGUAGE_STANDARD = gnu11;
				GCC_DYNAMIC_NO_PIC = NO;
				GCC_NO_COMMON_BLOCKS = YES;
				GCC_OPTIMIZATION_LEVEL = 0;
				GCC_PREPROCESSOR_DEFINITIONS = (
					"DEBUG=1",
					"$(inherited)",
				);
				GCC_WARN_64_TO_32_BIT_CONVERSION = YES;
				GCC_WARN_ABOUT_RETURN_TYPE = YES_ERROR;
				GCC_WARN_UNDECLARED_SELECTOR = YES;
				GCC_WARN_UNINITIALIZED_AUTOS = YES_AGGRESSIVE;
				GCC_WARN_UNUSED_FUNCTION = YES;
				GCC_WARN_UNUSED_VARIABLE = YES;
				IPHONEOS_DEPLOYMENT_TARGET = 15.0;
				MTL_ENABLE_DEBUG_INFO = INCLUDE_SOURCE;
				MTL_FAST_MATH = YES;
				ONLY_ACTIVE_ARCH = YES;
				SDKROOT = iphoneos;
				SWIFT_ACTIVE_COMPILATION_CONDITIONS = DEBUG;
				SWIFT_OPTIMIZATION_LEVEL = "-Onone";
			};
			name = Debug;
		};
		17C9CF482A27E133004BCCC2 /* Release */ = {
			isa = XCBuildConfiguration;
			buildSettings = {
				ALWAYS_SEARCH_USER_PATHS = NO;
				CLANG_ANALYZER_NONNULL = YES;
				CLANG_ANALYZER_NUMBER_OBJECT_CONVERSION = YES_AGGRESSIVE;
				CLANG_CXX_LANGUAGE_STANDARD = "gnu++20";
				CLANG_ENABLE_MODULES = YES;
				CLANG_ENABLE_OBJC_ARC = YES;
				CLANG_ENABLE_OBJC_WEAK = YES;
				CLANG_WARN_BLOCK_CAPTURE_AUTORELEASING = YES;
				CLANG_WARN_BOOL_CONVERSION = YES;
				CLANG_WARN_COMMA = YES;
				CLANG_WARN_CONSTANT_CONVERSION = YES;
				CLANG_WARN_DEPRECATED_OBJC_IMPLEMENTATIONS = YES;
				CLANG_WARN_DIRECT_OBJC_ISA_USAGE = YES_ERROR;
				CLANG_WARN_DOCUMENTATION_COMMENTS = YES;
				CLANG_WARN_EMPTY_BODY = YES;
				CLANG_WARN_ENUM_CONVERSION = YES;
				CLANG_WARN_INFINITE_RECURSION = YES;
				CLANG_WARN_INT_CONVERSION = YES;
				CLANG_WARN_NON_LITERAL_NULL_CONVERSION = YES;
				CLANG_WARN_OBJC_IMPLICIT_RETAIN_SELF = YES;
				CLANG_WARN_OBJC_LITERAL_CONVERSION = YES;
				CLANG_WARN_OBJC_ROOT_CLASS = YES_ERROR;
				CLANG_WARN_QUOTED_INCLUDE_IN_FRAMEWORK_HEADER = YES;
				CLANG_WARN_RANGE_LOOP_ANALYSIS = YES;
				CLANG_WARN_STRICT_PROTOTYPES = YES;
				CLANG_WARN_SUSPICIOUS_MOVE = YES;
				CLANG_WARN_UNGUARDED_AVAILABILITY = YES_AGGRESSIVE;
				CLANG_WARN_UNREACHABLE_CODE = YES;
				CLANG_WARN__DUPLICATE_METHOD_MATCH = YES;
				COPY_PHASE_STRIP = NO;
				DEBUG_INFORMATION_FORMAT = "dwarf-with-dsym";
				ENABLE_NS_ASSERTIONS = NO;
				ENABLE_STRICT_OBJC_MSGSEND = YES;
				GCC_C_LANGUAGE_STANDARD = gnu11;
				GCC_NO_COMMON_BLOCKS = YES;
				GCC_WARN_64_TO_32_BIT_CONVERSION = YES;
				GCC_WARN_ABOUT_RETURN_TYPE = YES_ERROR;
				GCC_WARN_UNDECLARED_SELECTOR = YES;
				GCC_WARN_UNINITIALIZED_AUTOS = YES_AGGRESSIVE;
				GCC_WARN_UNUSED_FUNCTION = YES;
				GCC_WARN_UNUSED_VARIABLE = YES;
				IPHONEOS_DEPLOYMENT_TARGET = 15.0;
				MTL_ENABLE_DEBUG_INFO = NO;
				MTL_FAST_MATH = YES;
				SDKROOT = iphoneos;
				SWIFT_COMPILATION_MODE = wholemodule;
				SWIFT_OPTIMIZATION_LEVEL = "-O";
				VALIDATE_PRODUCT = YES;
			};
			name = Release;
		};
		17C9CF4A2A27E133004BCCC2 /* Debug */ = {
			isa = XCBuildConfiguration;
			buildSettings = {
				ASSETCATALOG_COMPILER_APPICON_NAME = AppIcon;
				ASSETCATALOG_COMPILER_GLOBAL_ACCENT_COLOR_NAME = AccentColor;
				CODE_SIGN_STYLE = Automatic;
				CURRENT_PROJECT_VERSION = 1;
				DEVELOPMENT_ASSET_PATHS = "\"EasyBuy/App/Assets/Preview Content\"";
				DEVELOPMENT_TEAM = PARRY5PM9L;
				ENABLE_PREVIEWS = YES;
				GENERATE_INFOPLIST_FILE = YES;
				INFOPLIST_KEY_UIApplicationSceneManifest_Generation = YES;
				INFOPLIST_KEY_UIApplicationSupportsIndirectInputEvents = YES;
				INFOPLIST_KEY_UILaunchScreen_Generation = YES;
				INFOPLIST_KEY_UISupportedInterfaceOrientations_iPad = "UIInterfaceOrientationPortrait UIInterfaceOrientationPortraitUpsideDown UIInterfaceOrientationLandscapeLeft UIInterfaceOrientationLandscapeRight";
				INFOPLIST_KEY_UISupportedInterfaceOrientations_iPhone = "UIInterfaceOrientationPortrait UIInterfaceOrientationLandscapeLeft UIInterfaceOrientationLandscapeRight";
				LD_RUNPATH_SEARCH_PATHS = (
					"$(inherited)",
					"@executable_path/Frameworks",
				);
				MARKETING_VERSION = 1.0;
				PRODUCT_BUNDLE_IDENTIFIER = com.EasyBuyy.fathy;
				PRODUCT_NAME = "$(TARGET_NAME)";
				SWIFT_EMIT_LOC_STRINGS = YES;
				SWIFT_VERSION = 5.0;
				TARGETED_DEVICE_FAMILY = "1,2";
			};
			name = Debug;
		};
		17C9CF4B2A27E133004BCCC2 /* Release */ = {
			isa = XCBuildConfiguration;
			buildSettings = {
				ASSETCATALOG_COMPILER_APPICON_NAME = AppIcon;
				ASSETCATALOG_COMPILER_GLOBAL_ACCENT_COLOR_NAME = AccentColor;
				CODE_SIGN_STYLE = Automatic;
				CURRENT_PROJECT_VERSION = 1;
				DEVELOPMENT_ASSET_PATHS = "\"EasyBuy/App/Assets/Preview Content\"";
				DEVELOPMENT_TEAM = PARRY5PM9L;
				ENABLE_PREVIEWS = YES;
				GENERATE_INFOPLIST_FILE = YES;
				INFOPLIST_KEY_UIApplicationSceneManifest_Generation = YES;
				INFOPLIST_KEY_UIApplicationSupportsIndirectInputEvents = YES;
				INFOPLIST_KEY_UILaunchScreen_Generation = YES;
				INFOPLIST_KEY_UISupportedInterfaceOrientations_iPad = "UIInterfaceOrientationPortrait UIInterfaceOrientationPortraitUpsideDown UIInterfaceOrientationLandscapeLeft UIInterfaceOrientationLandscapeRight";
				INFOPLIST_KEY_UISupportedInterfaceOrientations_iPhone = "UIInterfaceOrientationPortrait UIInterfaceOrientationLandscapeLeft UIInterfaceOrientationLandscapeRight";
				LD_RUNPATH_SEARCH_PATHS = (
					"$(inherited)",
					"@executable_path/Frameworks",
				);
				MARKETING_VERSION = 1.0;
				PRODUCT_BUNDLE_IDENTIFIER = com.EasyBuyy.fathy;
				PRODUCT_NAME = "$(TARGET_NAME)";
				SWIFT_EMIT_LOC_STRINGS = YES;
				SWIFT_VERSION = 5.0;
				TARGETED_DEVICE_FAMILY = "1,2";
			};
			name = Release;
		};
		17C9CF4D2A27E133004BCCC2 /* Debug */ = {
			isa = XCBuildConfiguration;
			buildSettings = {
				ALWAYS_EMBED_SWIFT_STANDARD_LIBRARIES = YES;
				BUNDLE_LOADER = "$(TEST_HOST)";
				CODE_SIGN_STYLE = Automatic;
				CURRENT_PROJECT_VERSION = 1;
				DEVELOPMENT_TEAM = CV64V222GG;
				GENERATE_INFOPLIST_FILE = YES;
				IPHONEOS_DEPLOYMENT_TARGET = 16.2;
				MARKETING_VERSION = 1.0;
				PRODUCT_BUNDLE_IDENTIFIER = com.EasyBuyTests;
				PRODUCT_NAME = "$(TARGET_NAME)";
				SWIFT_EMIT_LOC_STRINGS = NO;
				SWIFT_VERSION = 5.0;
				TARGETED_DEVICE_FAMILY = "1,2";
				TEST_HOST = "$(BUILT_PRODUCTS_DIR)/EasyBuy.app/$(BUNDLE_EXECUTABLE_FOLDER_PATH)/EasyBuy";
			};
			name = Debug;
		};
		17C9CF4E2A27E133004BCCC2 /* Release */ = {
			isa = XCBuildConfiguration;
			buildSettings = {
				ALWAYS_EMBED_SWIFT_STANDARD_LIBRARIES = YES;
				BUNDLE_LOADER = "$(TEST_HOST)";
				CODE_SIGN_STYLE = Automatic;
				CURRENT_PROJECT_VERSION = 1;
				DEVELOPMENT_TEAM = CV64V222GG;
				GENERATE_INFOPLIST_FILE = YES;
				IPHONEOS_DEPLOYMENT_TARGET = 16.2;
				MARKETING_VERSION = 1.0;
				PRODUCT_BUNDLE_IDENTIFIER = com.EasyBuyTests;
				PRODUCT_NAME = "$(TARGET_NAME)";
				SWIFT_EMIT_LOC_STRINGS = NO;
				SWIFT_VERSION = 5.0;
				TARGETED_DEVICE_FAMILY = "1,2";
				TEST_HOST = "$(BUILT_PRODUCTS_DIR)/EasyBuy.app/$(BUNDLE_EXECUTABLE_FOLDER_PATH)/EasyBuy";
			};
			name = Release;
		};
		17C9CF502A27E133004BCCC2 /* Debug */ = {
			isa = XCBuildConfiguration;
			buildSettings = {
				ALWAYS_EMBED_SWIFT_STANDARD_LIBRARIES = YES;
				CODE_SIGN_STYLE = Automatic;
				CURRENT_PROJECT_VERSION = 1;
				DEVELOPMENT_TEAM = CV64V222GG;
				GENERATE_INFOPLIST_FILE = YES;
				MARKETING_VERSION = 1.0;
				PRODUCT_BUNDLE_IDENTIFIER = com.EasyBuyUITests;
				PRODUCT_NAME = "$(TARGET_NAME)";
				SWIFT_EMIT_LOC_STRINGS = NO;
				SWIFT_VERSION = 5.0;
				TARGETED_DEVICE_FAMILY = "1,2";
				TEST_TARGET_NAME = EasyBuy;
			};
			name = Debug;
		};
		17C9CF512A27E133004BCCC2 /* Release */ = {
			isa = XCBuildConfiguration;
			buildSettings = {
				ALWAYS_EMBED_SWIFT_STANDARD_LIBRARIES = YES;
				CODE_SIGN_STYLE = Automatic;
				CURRENT_PROJECT_VERSION = 1;
				DEVELOPMENT_TEAM = CV64V222GG;
				GENERATE_INFOPLIST_FILE = YES;
				MARKETING_VERSION = 1.0;
				PRODUCT_BUNDLE_IDENTIFIER = com.EasyBuyUITests;
				PRODUCT_NAME = "$(TARGET_NAME)";
				SWIFT_EMIT_LOC_STRINGS = NO;
				SWIFT_VERSION = 5.0;
				TARGETED_DEVICE_FAMILY = "1,2";
				TEST_TARGET_NAME = EasyBuy;
			};
			name = Release;
		};
/* End XCBuildConfiguration section */

/* Begin XCConfigurationList section */
		17C9CF1B2A27E12F004BCCC2 /* Build configuration list for PBXProject "EasyBuy" */ = {
			isa = XCConfigurationList;
			buildConfigurations = (
				17C9CF472A27E133004BCCC2 /* Debug */,
				17C9CF482A27E133004BCCC2 /* Release */,
			);
			defaultConfigurationIsVisible = 0;
			defaultConfigurationName = Release;
		};
		17C9CF492A27E133004BCCC2 /* Build configuration list for PBXNativeTarget "EasyBuy" */ = {
			isa = XCConfigurationList;
			buildConfigurations = (
				17C9CF4A2A27E133004BCCC2 /* Debug */,
				17C9CF4B2A27E133004BCCC2 /* Release */,
			);
			defaultConfigurationIsVisible = 0;
			defaultConfigurationName = Release;
		};
		17C9CF4C2A27E133004BCCC2 /* Build configuration list for PBXNativeTarget "EasyBuyTests" */ = {
			isa = XCConfigurationList;
			buildConfigurations = (
				17C9CF4D2A27E133004BCCC2 /* Debug */,
				17C9CF4E2A27E133004BCCC2 /* Release */,
			);
			defaultConfigurationIsVisible = 0;
			defaultConfigurationName = Release;
		};
		17C9CF4F2A27E133004BCCC2 /* Build configuration list for PBXNativeTarget "EasyBuyUITests" */ = {
			isa = XCConfigurationList;
			buildConfigurations = (
				17C9CF502A27E133004BCCC2 /* Debug */,
				17C9CF512A27E133004BCCC2 /* Release */,
			);
			defaultConfigurationIsVisible = 0;
			defaultConfigurationName = Release;
		};
/* End XCConfigurationList section */

/* Begin XCRemoteSwiftPackageReference section */
		171B14D22A2891B900851C67 /* XCRemoteSwiftPackageReference "lottie-ios" */ = {
			isa = XCRemoteSwiftPackageReference;
			repositoryURL = "https://github.com/airbnb/lottie-ios";
			requirement = {
				kind = upToNextMajorVersion;
				minimumVersion = 4.0.0;
			};
		};
		171B14DA2A28A23E00851C67 /* XCRemoteSwiftPackageReference "Kingfisher" */ = {
			isa = XCRemoteSwiftPackageReference;
			repositoryURL = "https://github.com/onevcat/Kingfisher.git";
			requirement = {
				kind = upToNextMajorVersion;
				minimumVersion = 7.0.0;
			};
		};
		171B14DD2A28A34200851C67 /* XCRemoteSwiftPackageReference "Alamofire" */ = {
			isa = XCRemoteSwiftPackageReference;
			repositoryURL = "https://github.com/Alamofire/Alamofire.git";
			requirement = {
				kind = upToNextMajorVersion;
				minimumVersion = 5.0.0;
			};
		};
		3FFAC2122A379DF200A9F481 /* XCRemoteSwiftPackageReference "firebase-ios-sdk" */ = {
			isa = XCRemoteSwiftPackageReference;
			repositoryURL = "https://github.com/firebase/firebase-ios-sdk";
			requirement = {
				kind = upToNextMajorVersion;
				minimumVersion = 9.0.0;
			};
		};
		3FFAC2192A379F6900A9F481 /* XCRemoteSwiftPackageReference "apollo-ios" */ = {
			isa = XCRemoteSwiftPackageReference;
			repositoryURL = "https://github.com/apollographql/apollo-ios.git";
			requirement = {
				kind = exactVersion;
				version = 0.53.0;
			};
		};
		3FFAC21C2A37A87D00A9F481 /* XCRemoteSwiftPackageReference "Cosmos" */ = {
			isa = XCRemoteSwiftPackageReference;
			repositoryURL = "https://github.com/evgenyneu/Cosmos.git";
			requirement = {
				kind = exactVersion;
				version = 23.0.0;
			};
		};
		3FFAC21F2A37A9FB00A9F481 /* XCRemoteSwiftPackageReference "IQKeyboardManager" */ = {
			isa = XCRemoteSwiftPackageReference;
			repositoryURL = "https://github.com/hackiftekhar/IQKeyboardManager.git";
			requirement = {
				kind = exactVersion;
				version = 6.3.0;
			};
		};
/* End XCRemoteSwiftPackageReference section */

/* Begin XCSwiftPackageProductDependency section */
		171B14D32A2891B900851C67 /* Lottie */ = {
			isa = XCSwiftPackageProductDependency;
			package = 171B14D22A2891B900851C67 /* XCRemoteSwiftPackageReference "lottie-ios" */;
			productName = Lottie;
		};
		171B14DB2A28A23E00851C67 /* Kingfisher */ = {
			isa = XCSwiftPackageProductDependency;
			package = 171B14DA2A28A23E00851C67 /* XCRemoteSwiftPackageReference "Kingfisher" */;
			productName = Kingfisher;
		};
		171B14DE2A28A34200851C67 /* Alamofire */ = {
			isa = XCSwiftPackageProductDependency;
			package = 171B14DD2A28A34200851C67 /* XCRemoteSwiftPackageReference "Alamofire" */;
			productName = Alamofire;
		};
		3FFAC2132A379DF200A9F481 /* FirebaseAuth */ = {
			isa = XCSwiftPackageProductDependency;
			package = 3FFAC2122A379DF200A9F481 /* XCRemoteSwiftPackageReference "firebase-ios-sdk" */;
			productName = FirebaseAuth;
		};
		3FFAC2152A379DF200A9F481 /* FirebaseFirestore */ = {
			isa = XCSwiftPackageProductDependency;
			package = 3FFAC2122A379DF200A9F481 /* XCRemoteSwiftPackageReference "firebase-ios-sdk" */;
			productName = FirebaseFirestore;
		};
		3FFAC2172A379DF200A9F481 /* FirebaseFirestoreSwift */ = {
			isa = XCSwiftPackageProductDependency;
			package = 3FFAC2122A379DF200A9F481 /* XCRemoteSwiftPackageReference "firebase-ios-sdk" */;
			productName = FirebaseFirestoreSwift;
		};
		3FFAC21A2A379F6900A9F481 /* Apollo */ = {
			isa = XCSwiftPackageProductDependency;
			package = 3FFAC2192A379F6900A9F481 /* XCRemoteSwiftPackageReference "apollo-ios" */;
			productName = Apollo;
		};
		3FFAC21D2A37A87D00A9F481 /* Cosmos */ = {
			isa = XCSwiftPackageProductDependency;
			package = 3FFAC21C2A37A87D00A9F481 /* XCRemoteSwiftPackageReference "Cosmos" */;
			productName = Cosmos;
		};
		3FFAC2202A37A9FB00A9F481 /* IQKeyboardManagerSwift */ = {
			isa = XCSwiftPackageProductDependency;
			package = 3FFAC21F2A37A9FB00A9F481 /* XCRemoteSwiftPackageReference "IQKeyboardManager" */;
			productName = IQKeyboardManagerSwift;
		};
/* End XCSwiftPackageProductDependency section */

/* Begin XCVersionGroup section */
		17C9CF2E2A27E132004BCCC2 /* EasyBuy.xcdatamodeld */ = {
			isa = XCVersionGroup;
			children = (
				17C9CF2F2A27E132004BCCC2 /* EasyBuy.xcdatamodel */,
			);
			currentVersion = 17C9CF2F2A27E132004BCCC2 /* EasyBuy.xcdatamodel */;
			path = EasyBuy.xcdatamodeld;
			sourceTree = "<group>";
			versionGroupType = wrapper.xcdatamodel;
		};
/* End XCVersionGroup section */
	};
	rootObject = 17C9CF182A27E12F004BCCC2 /* Project object */;
}
